// !$*UTF8*$!
{
	archiveVersion = 1;
	classes = {
	};
	objectVersion = 51;
	objects = {

/* Begin PBXBuildFile section */
		292376D6822B13660E98F980 /* Pods_TheRingTests.framework in Frameworks */ = {isa = PBXBuildFile; fileRef = DECCD407A332AE3E978890AA /* Pods_TheRingTests.framework */; };
		8E5E84CAC738FD5317FC62B9 /* Pods_TheRing.framework in Frameworks */ = {isa = PBXBuildFile; fileRef = CC3F306C6FFEC5D0CAE2A586 /* Pods_TheRing.framework */; };
		9E05204B2300C5E8003EF504 /* SignupModel.swift in Sources */ = {isa = PBXBuildFile; fileRef = 9E05204A2300C5E8003EF504 /* SignupModel.swift */; };
		9E05204D2300C60B003EF504 /* HomeModel.swift in Sources */ = {isa = PBXBuildFile; fileRef = 9E05204C2300C60B003EF504 /* HomeModel.swift */; };
		9E0520502300C639003EF504 /* UserListModel.swift in Sources */ = {isa = PBXBuildFile; fileRef = 9E05204F2300C639003EF504 /* UserListModel.swift */; };
		9E0520522300C64C003EF504 /* UserDetailModel.swift in Sources */ = {isa = PBXBuildFile; fileRef = 9E0520512300C64C003EF504 /* UserDetailModel.swift */; };
		9E0520582300C699003EF504 /* ProfileModel.swift in Sources */ = {isa = PBXBuildFile; fileRef = 9E0520572300C699003EF504 /* ProfileModel.swift */; };
		9E05205A2300C6A2003EF504 /* PasswordModel.swift in Sources */ = {isa = PBXBuildFile; fileRef = 9E0520592300C6A2003EF504 /* PasswordModel.swift */; };
		9E05205C2300C6B8003EF504 /* EmailModel.swift in Sources */ = {isa = PBXBuildFile; fileRef = 9E05205B2300C6B8003EF504 /* EmailModel.swift */; };
		9E0520652300C753003EF504 /* SearchModel.swift in Sources */ = {isa = PBXBuildFile; fileRef = 9E0520642300C753003EF504 /* SearchModel.swift */; };
		9E0520672300C766003EF504 /* CreateTournamentModel.swift in Sources */ = {isa = PBXBuildFile; fileRef = 9E0520662300C766003EF504 /* CreateTournamentModel.swift */; };
		9E0520692300C773003EF504 /* SelectContestantModel.swift in Sources */ = {isa = PBXBuildFile; fileRef = 9E0520682300C773003EF504 /* SelectContestantModel.swift */; };
		9E05206B2300C780003EF504 /* TournamentDateModel.swift in Sources */ = {isa = PBXBuildFile; fileRef = 9E05206A2300C780003EF504 /* TournamentDateModel.swift */; };
		9E05206D2300C793003EF504 /* TournamentDetailModel.swift in Sources */ = {isa = PBXBuildFile; fileRef = 9E05206C2300C793003EF504 /* TournamentDetailModel.swift */; };
		9E05206F2300C79E003EF504 /* CommentModel.swift in Sources */ = {isa = PBXBuildFile; fileRef = 9E05206E2300C79E003EF504 /* CommentModel.swift */; };
		9E0520722300C7FA003EF504 /* SearchMovieModel.swift in Sources */ = {isa = PBXBuildFile; fileRef = 9E0520712300C7FA003EF504 /* SearchMovieModel.swift */; };
		9E064E3422C541E8009FE905 /* UserService.swift in Sources */ = {isa = PBXBuildFile; fileRef = 9E064E3322C541E8009FE905 /* UserService.swift */; };
		9E064E3722C7A53F009FE905 /* PasswordController.swift in Sources */ = {isa = PBXBuildFile; fileRef = 9E064E3622C7A53F009FE905 /* PasswordController.swift */; };
		9E064E3922C7A55D009FE905 /* EmailController.swift in Sources */ = {isa = PBXBuildFile; fileRef = 9E064E3822C7A55D009FE905 /* EmailController.swift */; };
		9E064E3E22CA04B5009FE905 /* Localizable.strings in Resources */ = {isa = PBXBuildFile; fileRef = 9E064E4022CA04B5009FE905 /* Localizable.strings */; };
		9E064E4422CB06FB009FE905 /* FirebaseExtension.swift in Sources */ = {isa = PBXBuildFile; fileRef = 9E064E4322CB06FB009FE905 /* FirebaseExtension.swift */; };
		9E064E4622CCD830009FE905 /* MovieService.swift in Sources */ = {isa = PBXBuildFile; fileRef = 9E064E4522CCD830009FE905 /* MovieService.swift */; };
		9E064E4822CCE87E009FE905 /* Movie.json in Resources */ = {isa = PBXBuildFile; fileRef = 9E064E4722CCE87E009FE905 /* Movie.json */; };
		9E064E4A22CCE8AB009FE905 /* MovieServiceTests.swift in Sources */ = {isa = PBXBuildFile; fileRef = 9E064E4922CCE8AB009FE905 /* MovieServiceTests.swift */; };
		9E064E4C22CCE972009FE905 /* UrlSession.swift in Sources */ = {isa = PBXBuildFile; fileRef = 9E064E4B22CCE972009FE905 /* UrlSession.swift */; };
		9E064E4E22CCE992009FE905 /* FakeResponseData.swift in Sources */ = {isa = PBXBuildFile; fileRef = 9E064E4D22CCE992009FE905 /* FakeResponseData.swift */; };
		9E06BB4D22B840F10098E148 /* AppDelegate.swift in Sources */ = {isa = PBXBuildFile; fileRef = 9E06BB4C22B840F10098E148 /* AppDelegate.swift */; };
		9E06BB5222B840F10098E148 /* Main.storyboard in Resources */ = {isa = PBXBuildFile; fileRef = 9E06BB5022B840F10098E148 /* Main.storyboard */; };
		9E06BB5422B840F40098E148 /* Assets.xcassets in Resources */ = {isa = PBXBuildFile; fileRef = 9E06BB5322B840F40098E148 /* Assets.xcassets */; };
		9E06BB5722B840F40098E148 /* LaunchScreen.storyboard in Resources */ = {isa = PBXBuildFile; fileRef = 9E06BB5522B840F40098E148 /* LaunchScreen.storyboard */; };
		9E18322623018CB0005BC358 /* SignupModelTests.swift in Sources */ = {isa = PBXBuildFile; fileRef = 9E18322523018CB0005BC358 /* SignupModelTests.swift */; };
		9E18322823018D53005BC358 /* StringExtension.swift in Sources */ = {isa = PBXBuildFile; fileRef = 9E18322723018D53005BC358 /* StringExtension.swift */; };
		9E18322A23018E19005BC358 /* StringExtensionTests.swift in Sources */ = {isa = PBXBuildFile; fileRef = 9E18322923018E19005BC358 /* StringExtensionTests.swift */; };
		9E18322E23018FC0005BC358 /* UsernameNotAvailble.swift in Sources */ = {isa = PBXBuildFile; fileRef = 9E18322D23018FC0005BC358 /* UsernameNotAvailble.swift */; };
		9E18323023018FD9005BC358 /* TestUserGoodData.swift in Sources */ = {isa = PBXBuildFile; fileRef = 9E18322F23018FD9005BC358 /* TestUserGoodData.swift */; };
		9E1832322301AE39005BC358 /* CreateUserNilUID.swift in Sources */ = {isa = PBXBuildFile; fileRef = 9E1832312301AE39005BC358 /* CreateUserNilUID.swift */; };
		9E18323423036680005BC358 /* UserRegisterInfo.swift in Sources */ = {isa = PBXBuildFile; fileRef = 9E18323323036680005BC358 /* UserRegisterInfo.swift */; };
		9E18323623036693005BC358 /* UserRegisterUsername.swift in Sources */ = {isa = PBXBuildFile; fileRef = 9E18323523036693005BC358 /* UserRegisterUsername.swift */; };
		9E334E2922D67C6700CB3257 /* TournamentService.swift in Sources */ = {isa = PBXBuildFile; fileRef = 9E334E2822D67C6700CB3257 /* TournamentService.swift */; };
		9E334E3F22D8D04F00CB3257 /* Popular.json in Resources */ = {isa = PBXBuildFile; fileRef = 9E334E3E22D8D04F00CB3257 /* Popular.json */; };
		9E334E4B22DE005400CB3257 /* BarButtonExtension.swift in Sources */ = {isa = PBXBuildFile; fileRef = 9E334E4A22DE005400CB3257 /* BarButtonExtension.swift */; };
		9E334E4E22E04B6300CB3257 /* TournamentDetailController.swift in Sources */ = {isa = PBXBuildFile; fileRef = 9E334E4D22E04B6300CB3257 /* TournamentDetailController.swift */; };
		9E334E5022E0AC1F00CB3257 /* TournamentView.xib in Resources */ = {isa = PBXBuildFile; fileRef = 9E334E4F22E0AC1F00CB3257 /* TournamentView.xib */; };
		9E334E5222E0B2C800CB3257 /* TournamentView.swift in Sources */ = {isa = PBXBuildFile; fileRef = 9E334E5122E0B2C800CB3257 /* TournamentView.swift */; };
		9E334E5422E31C0800CB3257 /* TournamentData.swift in Sources */ = {isa = PBXBuildFile; fileRef = 9E334E5322E31C0800CB3257 /* TournamentData.swift */; };
		9E334E5622E76DD400CB3257 /* GoogleService-Info.plist in Resources */ = {isa = PBXBuildFile; fileRef = 9E334E5522E76DD400CB3257 /* GoogleService-Info.plist */; };
		9E36669C22E7AD2C0041B51E /* NotificationStrings.swift in Sources */ = {isa = PBXBuildFile; fileRef = 9E36669B22E7AD2C0041B51E /* NotificationStrings.swift */; };
		9E36669E22E9E4100041B51E /* CommentController.swift in Sources */ = {isa = PBXBuildFile; fileRef = 9E36669D22E9E4100041B51E /* CommentController.swift */; };
		9E37396F230AA30900CC86A6 /* ProfileModelTests.swift in Sources */ = {isa = PBXBuildFile; fileRef = 9E37396E230AA30900CC86A6 /* ProfileModelTests.swift */; };
		9E373971230AC6EC00CC86A6 /* PasswordModelTests.swift in Sources */ = {isa = PBXBuildFile; fileRef = 9E373970230AC6EC00CC86A6 /* PasswordModelTests.swift */; };
		9E4F967D22EA7207006959FF /* InfoPlist.strings in Resources */ = {isa = PBXBuildFile; fileRef = 9E4F967F22EA7207006959FF /* InfoPlist.strings */; };
		9E4F968422EBA1F5006959FF /* UserListController.swift in Sources */ = {isa = PBXBuildFile; fileRef = 9E4F968322EBA1F5006959FF /* UserListController.swift */; };
		9E4F968B22EBB183006959FF /* UserCell.swift in Sources */ = {isa = PBXBuildFile; fileRef = 9E4F968A22EBB183006959FF /* UserCell.swift */; };
		9E4F968D22EBB453006959FF /* UserListType.swift in Sources */ = {isa = PBXBuildFile; fileRef = 9E4F968C22EBB453006959FF /* UserListType.swift */; };
		9E4F968F22EBB5B6006959FF /* UserDetailController.swift in Sources */ = {isa = PBXBuildFile; fileRef = 9E4F968E22EBB5B6006959FF /* UserDetailController.swift */; };
		9E4F969422EF4353006959FF /* DateExtension.swift in Sources */ = {isa = PBXBuildFile; fileRef = 9E4F969322EF4353006959FF /* DateExtension.swift */; };
		9E4F969622F00F12006959FF /* TapDismiss.swift in Sources */ = {isa = PBXBuildFile; fileRef = 9E4F969522F00F12006959FF /* TapDismiss.swift */; };
		9E4F969922F06A1D006959FF /* ScannerController.swift in Sources */ = {isa = PBXBuildFile; fileRef = 9E4F969822F06A1D006959FF /* ScannerController.swift */; };
		9E4F969B22F0998E006959FF /* QRCodeController.swift in Sources */ = {isa = PBXBuildFile; fileRef = 9E4F969A22F0998E006959FF /* QRCodeController.swift */; };
		9E4F969E22F24CD9006959FF /* SearchController.swift in Sources */ = {isa = PBXBuildFile; fileRef = 9E4F969D22F24CD9006959FF /* SearchController.swift */; };
		9E4F96A022F37FD6006959FF /* UserInfoView.xib in Resources */ = {isa = PBXBuildFile; fileRef = 9E4F969F22F37FD6006959FF /* UserInfoView.xib */; };
		9E4F96A422F3956E006959FF /* TournamentOverview.xib in Resources */ = {isa = PBXBuildFile; fileRef = 9E4F96A322F3956E006959FF /* TournamentOverview.xib */; };
		9E4F96A622F398AF006959FF /* TournamentOverview.swift in Sources */ = {isa = PBXBuildFile; fileRef = 9E4F96A522F398AF006959FF /* TournamentOverview.swift */; };
		9E4F96A922F89EE6006959FF /* OverviewCell.swift in Sources */ = {isa = PBXBuildFile; fileRef = 9E4F96A822F89EE6006959FF /* OverviewCell.swift */; };
		9E4F96AB22F994C5006959FF /* ImageViewExtension.swift in Sources */ = {isa = PBXBuildFile; fileRef = 9E4F96AA22F994C4006959FF /* ImageViewExtension.swift */; };
		9E626BF0230479BB0088256C /* SignupExtension.swift in Sources */ = {isa = PBXBuildFile; fileRef = 9E626BEF230479BB0088256C /* SignupExtension.swift */; };
		9E626BF2230494640088256C /* HomeModelTests.swift in Sources */ = {isa = PBXBuildFile; fileRef = 9E626BF1230494640088256C /* HomeModelTests.swift */; };
		9E626BF42304950D0088256C /* TestTournamentGoodData.swift in Sources */ = {isa = PBXBuildFile; fileRef = 9E626BF32304950D0088256C /* TestTournamentGoodData.swift */; };
		9E626BF62304986B0088256C /* TestTournamentBadData.swift in Sources */ = {isa = PBXBuildFile; fileRef = 9E626BF52304986B0088256C /* TestTournamentBadData.swift */; };
		9E73412A22FACCA4008F4405 /* PreferencesTests.swift in Sources */ = {isa = PBXBuildFile; fileRef = 9E73412922FACCA4008F4405 /* PreferencesTests.swift */; };
		9E81A41F2308354D0066E8E7 /* UserListModelTests.swift in Sources */ = {isa = PBXBuildFile; fileRef = 9E81A41E2308354D0066E8E7 /* UserListModelTests.swift */; };
		9E81A4212308356A0066E8E7 /* UserDetailModelTests.swift in Sources */ = {isa = PBXBuildFile; fileRef = 9E81A4202308356A0066E8E7 /* UserDetailModelTests.swift */; };
		9E81A42323083C2A0066E8E7 /* TestUserBadData.swift in Sources */ = {isa = PBXBuildFile; fileRef = 9E81A42223083C2A0066E8E7 /* TestUserBadData.swift */; };
		9E8EBE7A22D60B89001A8FE4 /* Genre.swift in Sources */ = {isa = PBXBuildFile; fileRef = 9E8EBE7922D60B89001A8FE4 /* Genre.swift */; };
		9EA2718722BD466400AAC06B /* moltors.ttf in Resources */ = {isa = PBXBuildFile; fileRef = 9EA2718622BD466400AAC06B /* moltors.ttf */; };
		9EA2718922BD48AE00AAC06B /* Roboto-Regular.ttf in Resources */ = {isa = PBXBuildFile; fileRef = 9EA2718822BD48AE00AAC06B /* Roboto-Regular.ttf */; };
		9EA2718B22BD494B00AAC06B /* Roboto-Bold.ttf in Resources */ = {isa = PBXBuildFile; fileRef = 9EA2718A22BD494B00AAC06B /* Roboto-Bold.ttf */; };
		9EA2718D22BE5A7000AAC06B /* LoginController.swift in Sources */ = {isa = PBXBuildFile; fileRef = 9EA2718C22BE5A7000AAC06B /* LoginController.swift */; };
		9EA2718F22BE5AAA00AAC06B /* SignupController.swift in Sources */ = {isa = PBXBuildFile; fileRef = 9EA2718E22BE5AAA00AAC06B /* SignupController.swift */; };
		9EA2719122C3790C00AAC06B /* HomeController.swift in Sources */ = {isa = PBXBuildFile; fileRef = 9EA2719022C3790C00AAC06B /* HomeController.swift */; };
		9EA2719322C38CA500AAC06B /* AlertExtension.swift in Sources */ = {isa = PBXBuildFile; fileRef = 9EA2719222C38CA500AAC06B /* AlertExtension.swift */; };
		9EA2719522C3D11D00AAC06B /* UserController.swift in Sources */ = {isa = PBXBuildFile; fileRef = 9EA2719422C3D11D00AAC06B /* UserController.swift */; };
		9EA2719722C48AD900AAC06B /* TRUser.swift in Sources */ = {isa = PBXBuildFile; fileRef = 9EA2719622C48AD900AAC06B /* TRUser.swift */; };
		9EA2719922C4E1E400AAC06B /* ProfileController.swift in Sources */ = {isa = PBXBuildFile; fileRef = 9EA2719822C4E1E400AAC06B /* ProfileController.swift */; };
		9EA2719B22C5020300AAC06B /* Preferences.swift in Sources */ = {isa = PBXBuildFile; fileRef = 9EA2719A22C5020300AAC06B /* Preferences.swift */; };
		9EA846DE22FC520000572A38 /* DateExtensionTests.swift in Sources */ = {isa = PBXBuildFile; fileRef = 9EA846DD22FC520000572A38 /* DateExtensionTests.swift */; };
		9EA846E022FC758100572A38 /* UserInfoView.swift in Sources */ = {isa = PBXBuildFile; fileRef = 9EA846DF22FC758100572A38 /* UserInfoView.swift */; };
		9EA846E322FC9B2800572A38 /* UserDefaultsExtension.swift in Sources */ = {isa = PBXBuildFile; fileRef = 9EA846E222FC9B2800572A38 /* UserDefaultsExtension.swift */; };
		9EA846E622FDA10800572A38 /* FirebaseAuth.swift in Sources */ = {isa = PBXBuildFile; fileRef = 9EA846E522FDA10800572A38 /* FirebaseAuth.swift */; };
		9EA846E822FDAB6000572A38 /* AuthService.swift in Sources */ = {isa = PBXBuildFile; fileRef = 9EA846E722FDAB6000572A38 /* AuthService.swift */; };
		9EA846EB22FDB06500572A38 /* FirebaseUser.swift in Sources */ = {isa = PBXBuildFile; fileRef = 9EA846EA22FDB06500572A38 /* FirebaseUser.swift */; };
		9EA846ED22FDB07600572A38 /* FirebaseTournament.swift in Sources */ = {isa = PBXBuildFile; fileRef = 9EA846EC22FDB07600572A38 /* FirebaseTournament.swift */; };
		9EA846EF22FDB7D500572A38 /* FirebaseVote.swift in Sources */ = {isa = PBXBuildFile; fileRef = 9EA846EE22FDB7D500572A38 /* FirebaseVote.swift */; };
		9EA846F122FDB7E300572A38 /* FirebaseComment.swift in Sources */ = {isa = PBXBuildFile; fileRef = 9EA846F022FDB7E300572A38 /* FirebaseComment.swift */; };
		9EA846F322FDB86800572A38 /* VoteService.swift in Sources */ = {isa = PBXBuildFile; fileRef = 9EA846F222FDB86800572A38 /* VoteService.swift */; };
		9EA846F522FDB88100572A38 /* CommentService.swift in Sources */ = {isa = PBXBuildFile; fileRef = 9EA846F422FDB88100572A38 /* CommentService.swift */; };
		9EDF21B82300C58700BD95AF /* LoginModel.swift in Sources */ = {isa = PBXBuildFile; fileRef = 9EDF21B72300C58700BD95AF /* LoginModel.swift */; };
		9EF988AC2301616B00AC0F30 /* TestAuthBadData.swift in Sources */ = {isa = PBXBuildFile; fileRef = 9EF988AB2301616B00AC0F30 /* TestAuthBadData.swift */; };
		9EF988B02301707100AC0F30 /* LoginModelTests.swift in Sources */ = {isa = PBXBuildFile; fileRef = 9EF988AF2301707100AC0F30 /* LoginModelTests.swift */; };
		9EF988B2230173C500AC0F30 /* TestAuthGoodData.swift in Sources */ = {isa = PBXBuildFile; fileRef = 9EF988B1230173C500AC0F30 /* TestAuthGoodData.swift */; };
		9EFE1F9A22CCEDFF003A0410 /* ApiKeys.swift in Sources */ = {isa = PBXBuildFile; fileRef = 9EFE1F9922CCEDFF003A0410 /* ApiKeys.swift */; };
		9EFE1FC322CFE24F003A0410 /* LocalizableStrings.swift in Sources */ = {isa = PBXBuildFile; fileRef = 9EFE1FC222CFE24F003A0410 /* LocalizableStrings.swift */; };
		9EFE1FC722D35F14003A0410 /* CreateTournamentController.swift in Sources */ = {isa = PBXBuildFile; fileRef = 9EFE1FC622D35F14003A0410 /* CreateTournamentController.swift */; };
		9EFE1FCA22D35F4A003A0410 /* SelectContestantController.swift in Sources */ = {isa = PBXBuildFile; fileRef = 9EFE1FC922D35F4A003A0410 /* SelectContestantController.swift */; };
		9EFE1FCC22D35F9D003A0410 /* TournamentDateController.swift in Sources */ = {isa = PBXBuildFile; fileRef = 9EFE1FCB22D35F9D003A0410 /* TournamentDateController.swift */; };
		9EFE1FCF22D3A640003A0410 /* SearchMovieController.swift in Sources */ = {isa = PBXBuildFile; fileRef = 9EFE1FCE22D3A640003A0410 /* SearchMovieController.swift */; };
		9EFE1FDC22D479BD003A0410 /* MovieCell.swift in Sources */ = {isa = PBXBuildFile; fileRef = 9EFE1FDB22D479BD003A0410 /* MovieCell.swift */; };
		9EFE1FDE22D4BDB7003A0410 /* Tournament.swift in Sources */ = {isa = PBXBuildFile; fileRef = 9EFE1FDD22D4BDB7003A0410 /* Tournament.swift */; };
		9EFE1FE022D4F357003A0410 /* MovieOverview.xib in Resources */ = {isa = PBXBuildFile; fileRef = 9EFE1FDF22D4F357003A0410 /* MovieOverview.xib */; };
		9EFE1FE222D5036F003A0410 /* MovieOverview.swift in Sources */ = {isa = PBXBuildFile; fileRef = 9EFE1FE122D5036F003A0410 /* MovieOverview.swift */; };
/* End PBXBuildFile section */

/* Begin PBXContainerItemProxy section */
		9E06BB5E22B840F40098E148 /* PBXContainerItemProxy */ = {
			isa = PBXContainerItemProxy;
			containerPortal = 9E06BB4122B840F10098E148 /* Project object */;
			proxyType = 1;
			remoteGlobalIDString = 9E06BB4822B840F10098E148;
			remoteInfo = TheRing;
		};
/* End PBXContainerItemProxy section */

/* Begin PBXFileReference section */
		021BE83EAA67625D72101B8F /* Pods-TheRing.release.xcconfig */ = {isa = PBXFileReference; includeInIndex = 1; lastKnownFileType = text.xcconfig; name = "Pods-TheRing.release.xcconfig"; path = "Target Support Files/Pods-TheRing/Pods-TheRing.release.xcconfig"; sourceTree = "<group>"; };
		462B2695F3CF82F7F9900CDE /* Pods-TheRing.debug.xcconfig */ = {isa = PBXFileReference; includeInIndex = 1; lastKnownFileType = text.xcconfig; name = "Pods-TheRing.debug.xcconfig"; path = "Target Support Files/Pods-TheRing/Pods-TheRing.debug.xcconfig"; sourceTree = "<group>"; };
		9E05204A2300C5E8003EF504 /* SignupModel.swift */ = {isa = PBXFileReference; lastKnownFileType = sourcecode.swift; path = SignupModel.swift; sourceTree = "<group>"; };
		9E05204C2300C60B003EF504 /* HomeModel.swift */ = {isa = PBXFileReference; lastKnownFileType = sourcecode.swift; path = HomeModel.swift; sourceTree = "<group>"; };
		9E05204F2300C639003EF504 /* UserListModel.swift */ = {isa = PBXFileReference; lastKnownFileType = sourcecode.swift; path = UserListModel.swift; sourceTree = "<group>"; };
		9E0520512300C64C003EF504 /* UserDetailModel.swift */ = {isa = PBXFileReference; lastKnownFileType = sourcecode.swift; path = UserDetailModel.swift; sourceTree = "<group>"; };
		9E0520572300C699003EF504 /* ProfileModel.swift */ = {isa = PBXFileReference; lastKnownFileType = sourcecode.swift; path = ProfileModel.swift; sourceTree = "<group>"; };
		9E0520592300C6A2003EF504 /* PasswordModel.swift */ = {isa = PBXFileReference; lastKnownFileType = sourcecode.swift; path = PasswordModel.swift; sourceTree = "<group>"; };
		9E05205B2300C6B8003EF504 /* EmailModel.swift */ = {isa = PBXFileReference; lastKnownFileType = sourcecode.swift; path = EmailModel.swift; sourceTree = "<group>"; };
		9E0520642300C753003EF504 /* SearchModel.swift */ = {isa = PBXFileReference; lastKnownFileType = sourcecode.swift; path = SearchModel.swift; sourceTree = "<group>"; };
		9E0520662300C766003EF504 /* CreateTournamentModel.swift */ = {isa = PBXFileReference; lastKnownFileType = sourcecode.swift; path = CreateTournamentModel.swift; sourceTree = "<group>"; };
		9E0520682300C773003EF504 /* SelectContestantModel.swift */ = {isa = PBXFileReference; lastKnownFileType = sourcecode.swift; path = SelectContestantModel.swift; sourceTree = "<group>"; };
		9E05206A2300C780003EF504 /* TournamentDateModel.swift */ = {isa = PBXFileReference; lastKnownFileType = sourcecode.swift; path = TournamentDateModel.swift; sourceTree = "<group>"; };
		9E05206C2300C793003EF504 /* TournamentDetailModel.swift */ = {isa = PBXFileReference; lastKnownFileType = sourcecode.swift; path = TournamentDetailModel.swift; sourceTree = "<group>"; };
		9E05206E2300C79E003EF504 /* CommentModel.swift */ = {isa = PBXFileReference; lastKnownFileType = sourcecode.swift; path = CommentModel.swift; sourceTree = "<group>"; };
		9E0520712300C7FA003EF504 /* SearchMovieModel.swift */ = {isa = PBXFileReference; lastKnownFileType = sourcecode.swift; path = SearchMovieModel.swift; sourceTree = "<group>"; };
		9E064E3322C541E8009FE905 /* UserService.swift */ = {isa = PBXFileReference; lastKnownFileType = sourcecode.swift; path = UserService.swift; sourceTree = "<group>"; };
		9E064E3622C7A53F009FE905 /* PasswordController.swift */ = {isa = PBXFileReference; lastKnownFileType = sourcecode.swift; path = PasswordController.swift; sourceTree = "<group>"; };
		9E064E3822C7A55D009FE905 /* EmailController.swift */ = {isa = PBXFileReference; lastKnownFileType = sourcecode.swift; path = EmailController.swift; sourceTree = "<group>"; };
		9E064E3B22C9FF83009FE905 /* fr */ = {isa = PBXFileReference; lastKnownFileType = text.plist.strings; name = fr; path = fr.lproj/LaunchScreen.strings; sourceTree = "<group>"; };
		9E064E3F22CA04B5009FE905 /* en */ = {isa = PBXFileReference; lastKnownFileType = text.plist.strings; name = en; path = en.lproj/Localizable.strings; sourceTree = "<group>"; };
		9E064E4122CA04BF009FE905 /* fr */ = {isa = PBXFileReference; lastKnownFileType = text.plist.strings; name = fr; path = fr.lproj/Localizable.strings; sourceTree = "<group>"; };
		9E064E4322CB06FB009FE905 /* FirebaseExtension.swift */ = {isa = PBXFileReference; lastKnownFileType = sourcecode.swift; path = FirebaseExtension.swift; sourceTree = "<group>"; };
		9E064E4522CCD830009FE905 /* MovieService.swift */ = {isa = PBXFileReference; lastKnownFileType = sourcecode.swift; path = MovieService.swift; sourceTree = "<group>"; };
		9E064E4722CCE87E009FE905 /* Movie.json */ = {isa = PBXFileReference; lastKnownFileType = text.json; path = Movie.json; sourceTree = "<group>"; };
		9E064E4922CCE8AB009FE905 /* MovieServiceTests.swift */ = {isa = PBXFileReference; lastKnownFileType = sourcecode.swift; path = MovieServiceTests.swift; sourceTree = "<group>"; };
		9E064E4B22CCE972009FE905 /* UrlSession.swift */ = {isa = PBXFileReference; lastKnownFileType = sourcecode.swift; path = UrlSession.swift; sourceTree = "<group>"; };
		9E064E4D22CCE992009FE905 /* FakeResponseData.swift */ = {isa = PBXFileReference; lastKnownFileType = sourcecode.swift; path = FakeResponseData.swift; sourceTree = "<group>"; };
		9E06BB4922B840F10098E148 /* TheRing.app */ = {isa = PBXFileReference; explicitFileType = wrapper.application; includeInIndex = 0; path = TheRing.app; sourceTree = BUILT_PRODUCTS_DIR; };
		9E06BB4C22B840F10098E148 /* AppDelegate.swift */ = {isa = PBXFileReference; lastKnownFileType = sourcecode.swift; path = AppDelegate.swift; sourceTree = "<group>"; };
		9E06BB5122B840F10098E148 /* Base */ = {isa = PBXFileReference; lastKnownFileType = file.storyboard; name = Base; path = Base.lproj/Main.storyboard; sourceTree = "<group>"; };
		9E06BB5322B840F40098E148 /* Assets.xcassets */ = {isa = PBXFileReference; lastKnownFileType = folder.assetcatalog; path = Assets.xcassets; sourceTree = "<group>"; };
		9E06BB5622B840F40098E148 /* Base */ = {isa = PBXFileReference; lastKnownFileType = file.storyboard; name = Base; path = Base.lproj/LaunchScreen.storyboard; sourceTree = "<group>"; };
		9E06BB5822B840F40098E148 /* Info.plist */ = {isa = PBXFileReference; lastKnownFileType = text.plist.xml; path = Info.plist; sourceTree = "<group>"; };
		9E06BB5D22B840F40098E148 /* TheRingTests.xctest */ = {isa = PBXFileReference; explicitFileType = wrapper.cfbundle; includeInIndex = 0; path = TheRingTests.xctest; sourceTree = BUILT_PRODUCTS_DIR; };
		9E06BB6322B840F40098E148 /* Info.plist */ = {isa = PBXFileReference; lastKnownFileType = text.plist.xml; path = Info.plist; sourceTree = "<group>"; };
		9E18322523018CB0005BC358 /* SignupModelTests.swift */ = {isa = PBXFileReference; lastKnownFileType = sourcecode.swift; name = SignupModelTests.swift; path = Signup/SignupModelTests.swift; sourceTree = "<group>"; };
		9E18322723018D53005BC358 /* StringExtension.swift */ = {isa = PBXFileReference; lastKnownFileType = sourcecode.swift; path = StringExtension.swift; sourceTree = "<group>"; };
		9E18322923018E19005BC358 /* StringExtensionTests.swift */ = {isa = PBXFileReference; lastKnownFileType = sourcecode.swift; path = StringExtensionTests.swift; sourceTree = "<group>"; };
		9E18322D23018FC0005BC358 /* UsernameNotAvailble.swift */ = {isa = PBXFileReference; lastKnownFileType = sourcecode.swift; path = UsernameNotAvailble.swift; sourceTree = "<group>"; };
		9E18322F23018FD9005BC358 /* TestUserGoodData.swift */ = {isa = PBXFileReference; lastKnownFileType = sourcecode.swift; path = TestUserGoodData.swift; sourceTree = "<group>"; };
		9E1832312301AE39005BC358 /* CreateUserNilUID.swift */ = {isa = PBXFileReference; lastKnownFileType = sourcecode.swift; path = CreateUserNilUID.swift; sourceTree = "<group>"; };
		9E18323323036680005BC358 /* UserRegisterInfo.swift */ = {isa = PBXFileReference; lastKnownFileType = sourcecode.swift; path = UserRegisterInfo.swift; sourceTree = "<group>"; };
		9E18323523036693005BC358 /* UserRegisterUsername.swift */ = {isa = PBXFileReference; lastKnownFileType = sourcecode.swift; path = UserRegisterUsername.swift; sourceTree = "<group>"; };
		9E334E2822D67C6700CB3257 /* TournamentService.swift */ = {isa = PBXFileReference; lastKnownFileType = sourcecode.swift; path = TournamentService.swift; sourceTree = "<group>"; };
		9E334E3E22D8D04F00CB3257 /* Popular.json */ = {isa = PBXFileReference; lastKnownFileType = text.json; path = Popular.json; sourceTree = "<group>"; };
		9E334E4A22DE005400CB3257 /* BarButtonExtension.swift */ = {isa = PBXFileReference; lastKnownFileType = sourcecode.swift; path = BarButtonExtension.swift; sourceTree = "<group>"; };
		9E334E4D22E04B6300CB3257 /* TournamentDetailController.swift */ = {isa = PBXFileReference; lastKnownFileType = sourcecode.swift; path = TournamentDetailController.swift; sourceTree = "<group>"; };
		9E334E4F22E0AC1F00CB3257 /* TournamentView.xib */ = {isa = PBXFileReference; lastKnownFileType = file.xib; path = TournamentView.xib; sourceTree = "<group>"; };
		9E334E5122E0B2C800CB3257 /* TournamentView.swift */ = {isa = PBXFileReference; lastKnownFileType = sourcecode.swift; path = TournamentView.swift; sourceTree = "<group>"; };
		9E334E5322E31C0800CB3257 /* TournamentData.swift */ = {isa = PBXFileReference; lastKnownFileType = sourcecode.swift; path = TournamentData.swift; sourceTree = "<group>"; };
		9E334E5522E76DD400CB3257 /* GoogleService-Info.plist */ = {isa = PBXFileReference; lastKnownFileType = text.plist.xml; path = "GoogleService-Info.plist"; sourceTree = "<group>"; };
		9E36669B22E7AD2C0041B51E /* NotificationStrings.swift */ = {isa = PBXFileReference; lastKnownFileType = sourcecode.swift; path = NotificationStrings.swift; sourceTree = "<group>"; };
		9E36669D22E9E4100041B51E /* CommentController.swift */ = {isa = PBXFileReference; lastKnownFileType = sourcecode.swift; path = CommentController.swift; sourceTree = "<group>"; };
		9E37396E230AA30900CC86A6 /* ProfileModelTests.swift */ = {isa = PBXFileReference; lastKnownFileType = sourcecode.swift; path = ProfileModelTests.swift; sourceTree = "<group>"; };
		9E373970230AC6EC00CC86A6 /* PasswordModelTests.swift */ = {isa = PBXFileReference; lastKnownFileType = sourcecode.swift; path = PasswordModelTests.swift; sourceTree = "<group>"; };
		9E4F968022EA720A006959FF /* fr */ = {isa = PBXFileReference; lastKnownFileType = text.plist.strings; name = fr; path = fr.lproj/InfoPlist.strings; sourceTree = "<group>"; };
		9E4F968122EA721B006959FF /* en */ = {isa = PBXFileReference; lastKnownFileType = text.plist.strings; name = en; path = en.lproj/InfoPlist.strings; sourceTree = "<group>"; };
		9E4F968322EBA1F5006959FF /* UserListController.swift */ = {isa = PBXFileReference; lastKnownFileType = sourcecode.swift; path = UserListController.swift; sourceTree = "<group>"; };
		9E4F968A22EBB183006959FF /* UserCell.swift */ = {isa = PBXFileReference; lastKnownFileType = sourcecode.swift; path = UserCell.swift; sourceTree = "<group>"; };
		9E4F968C22EBB453006959FF /* UserListType.swift */ = {isa = PBXFileReference; lastKnownFileType = sourcecode.swift; path = UserListType.swift; sourceTree = "<group>"; };
		9E4F968E22EBB5B6006959FF /* UserDetailController.swift */ = {isa = PBXFileReference; lastKnownFileType = sourcecode.swift; path = UserDetailController.swift; sourceTree = "<group>"; };
		9E4F969322EF4353006959FF /* DateExtension.swift */ = {isa = PBXFileReference; lastKnownFileType = sourcecode.swift; path = DateExtension.swift; sourceTree = "<group>"; };
		9E4F969522F00F12006959FF /* TapDismiss.swift */ = {isa = PBXFileReference; lastKnownFileType = sourcecode.swift; path = TapDismiss.swift; sourceTree = "<group>"; };
		9E4F969822F06A1D006959FF /* ScannerController.swift */ = {isa = PBXFileReference; lastKnownFileType = sourcecode.swift; path = ScannerController.swift; sourceTree = "<group>"; };
		9E4F969A22F0998E006959FF /* QRCodeController.swift */ = {isa = PBXFileReference; lastKnownFileType = sourcecode.swift; path = QRCodeController.swift; sourceTree = "<group>"; };
		9E4F969D22F24CD9006959FF /* SearchController.swift */ = {isa = PBXFileReference; lastKnownFileType = sourcecode.swift; name = SearchController.swift; path = ../../Search/SearchController.swift; sourceTree = "<group>"; };
		9E4F969F22F37FD6006959FF /* UserInfoView.xib */ = {isa = PBXFileReference; lastKnownFileType = file.xib; path = UserInfoView.xib; sourceTree = "<group>"; };
		9E4F96A322F3956E006959FF /* TournamentOverview.xib */ = {isa = PBXFileReference; lastKnownFileType = file.xib; path = TournamentOverview.xib; sourceTree = "<group>"; };
		9E4F96A522F398AF006959FF /* TournamentOverview.swift */ = {isa = PBXFileReference; lastKnownFileType = sourcecode.swift; path = TournamentOverview.swift; sourceTree = "<group>"; };
		9E4F96A822F89EE6006959FF /* OverviewCell.swift */ = {isa = PBXFileReference; lastKnownFileType = sourcecode.swift; path = OverviewCell.swift; sourceTree = "<group>"; };
		9E4F96AA22F994C4006959FF /* ImageViewExtension.swift */ = {isa = PBXFileReference; lastKnownFileType = sourcecode.swift; path = ImageViewExtension.swift; sourceTree = "<group>"; };
		9E626BEF230479BB0088256C /* SignupExtension.swift */ = {isa = PBXFileReference; lastKnownFileType = sourcecode.swift; path = SignupExtension.swift; sourceTree = "<group>"; };
		9E626BF1230494640088256C /* HomeModelTests.swift */ = {isa = PBXFileReference; lastKnownFileType = sourcecode.swift; path = HomeModelTests.swift; sourceTree = "<group>"; };
		9E626BF32304950D0088256C /* TestTournamentGoodData.swift */ = {isa = PBXFileReference; lastKnownFileType = sourcecode.swift; path = TestTournamentGoodData.swift; sourceTree = "<group>"; };
		9E626BF52304986B0088256C /* TestTournamentBadData.swift */ = {isa = PBXFileReference; lastKnownFileType = sourcecode.swift; path = TestTournamentBadData.swift; sourceTree = "<group>"; };
		9E73412922FACCA4008F4405 /* PreferencesTests.swift */ = {isa = PBXFileReference; lastKnownFileType = sourcecode.swift; path = PreferencesTests.swift; sourceTree = "<group>"; };
		9E81A41E2308354D0066E8E7 /* UserListModelTests.swift */ = {isa = PBXFileReference; lastKnownFileType = sourcecode.swift; path = UserListModelTests.swift; sourceTree = "<group>"; };
		9E81A4202308356A0066E8E7 /* UserDetailModelTests.swift */ = {isa = PBXFileReference; lastKnownFileType = sourcecode.swift; path = UserDetailModelTests.swift; sourceTree = "<group>"; };
		9E81A42223083C2A0066E8E7 /* TestUserBadData.swift */ = {isa = PBXFileReference; lastKnownFileType = sourcecode.swift; path = TestUserBadData.swift; sourceTree = "<group>"; };
		9E8EBE7922D60B89001A8FE4 /* Genre.swift */ = {isa = PBXFileReference; lastKnownFileType = sourcecode.swift; path = Genre.swift; sourceTree = "<group>"; };
		9EA2718622BD466400AAC06B /* moltors.ttf */ = {isa = PBXFileReference; lastKnownFileType = file; path = moltors.ttf; sourceTree = "<group>"; };
		9EA2718822BD48AE00AAC06B /* Roboto-Regular.ttf */ = {isa = PBXFileReference; lastKnownFileType = file; path = "Roboto-Regular.ttf"; sourceTree = "<group>"; };
		9EA2718A22BD494B00AAC06B /* Roboto-Bold.ttf */ = {isa = PBXFileReference; lastKnownFileType = file; path = "Roboto-Bold.ttf"; sourceTree = "<group>"; };
		9EA2718C22BE5A7000AAC06B /* LoginController.swift */ = {isa = PBXFileReference; lastKnownFileType = sourcecode.swift; path = LoginController.swift; sourceTree = "<group>"; };
		9EA2718E22BE5AAA00AAC06B /* SignupController.swift */ = {isa = PBXFileReference; lastKnownFileType = sourcecode.swift; path = SignupController.swift; sourceTree = "<group>"; };
		9EA2719022C3790C00AAC06B /* HomeController.swift */ = {isa = PBXFileReference; lastKnownFileType = sourcecode.swift; path = HomeController.swift; sourceTree = "<group>"; };
		9EA2719222C38CA500AAC06B /* AlertExtension.swift */ = {isa = PBXFileReference; lastKnownFileType = sourcecode.swift; path = AlertExtension.swift; sourceTree = "<group>"; };
		9EA2719422C3D11D00AAC06B /* UserController.swift */ = {isa = PBXFileReference; lastKnownFileType = sourcecode.swift; path = UserController.swift; sourceTree = "<group>"; };
		9EA2719622C48AD900AAC06B /* TRUser.swift */ = {isa = PBXFileReference; lastKnownFileType = sourcecode.swift; path = TRUser.swift; sourceTree = "<group>"; };
		9EA2719822C4E1E400AAC06B /* ProfileController.swift */ = {isa = PBXFileReference; lastKnownFileType = sourcecode.swift; path = ProfileController.swift; sourceTree = "<group>"; };
		9EA2719A22C5020300AAC06B /* Preferences.swift */ = {isa = PBXFileReference; lastKnownFileType = sourcecode.swift; path = Preferences.swift; sourceTree = "<group>"; };
		9EA846DD22FC520000572A38 /* DateExtensionTests.swift */ = {isa = PBXFileReference; lastKnownFileType = sourcecode.swift; path = DateExtensionTests.swift; sourceTree = "<group>"; };
		9EA846DF22FC758100572A38 /* UserInfoView.swift */ = {isa = PBXFileReference; fileEncoding = 4; lastKnownFileType = sourcecode.swift; path = UserInfoView.swift; sourceTree = "<group>"; };
		9EA846E222FC9B2800572A38 /* UserDefaultsExtension.swift */ = {isa = PBXFileReference; lastKnownFileType = sourcecode.swift; path = UserDefaultsExtension.swift; sourceTree = "<group>"; };
		9EA846E522FDA10800572A38 /* FirebaseAuth.swift */ = {isa = PBXFileReference; lastKnownFileType = sourcecode.swift; path = FirebaseAuth.swift; sourceTree = "<group>"; };
		9EA846E722FDAB6000572A38 /* AuthService.swift */ = {isa = PBXFileReference; lastKnownFileType = sourcecode.swift; name = AuthService.swift; path = ../Firebase/AuthService.swift; sourceTree = "<group>"; };
		9EA846EA22FDB06500572A38 /* FirebaseUser.swift */ = {isa = PBXFileReference; lastKnownFileType = sourcecode.swift; path = FirebaseUser.swift; sourceTree = "<group>"; };
		9EA846EC22FDB07600572A38 /* FirebaseTournament.swift */ = {isa = PBXFileReference; lastKnownFileType = sourcecode.swift; path = FirebaseTournament.swift; sourceTree = "<group>"; };
		9EA846EE22FDB7D500572A38 /* FirebaseVote.swift */ = {isa = PBXFileReference; lastKnownFileType = sourcecode.swift; path = FirebaseVote.swift; sourceTree = "<group>"; };
		9EA846F022FDB7E300572A38 /* FirebaseComment.swift */ = {isa = PBXFileReference; lastKnownFileType = sourcecode.swift; path = FirebaseComment.swift; sourceTree = "<group>"; };
		9EA846F222FDB86800572A38 /* VoteService.swift */ = {isa = PBXFileReference; lastKnownFileType = sourcecode.swift; path = VoteService.swift; sourceTree = "<group>"; };
		9EA846F422FDB88100572A38 /* CommentService.swift */ = {isa = PBXFileReference; lastKnownFileType = sourcecode.swift; path = CommentService.swift; sourceTree = "<group>"; };
		9EDF21B72300C58700BD95AF /* LoginModel.swift */ = {isa = PBXFileReference; lastKnownFileType = sourcecode.swift; path = LoginModel.swift; sourceTree = "<group>"; };
		9EF988AB2301616B00AC0F30 /* TestAuthBadData.swift */ = {isa = PBXFileReference; lastKnownFileType = sourcecode.swift; path = TestAuthBadData.swift; sourceTree = "<group>"; };
		9EF988AF2301707100AC0F30 /* LoginModelTests.swift */ = {isa = PBXFileReference; lastKnownFileType = sourcecode.swift; name = LoginModelTests.swift; path = Login/LoginModelTests.swift; sourceTree = "<group>"; };
		9EF988B1230173C500AC0F30 /* TestAuthGoodData.swift */ = {isa = PBXFileReference; lastKnownFileType = sourcecode.swift; path = TestAuthGoodData.swift; sourceTree = "<group>"; };
		9EFE1F9922CCEDFF003A0410 /* ApiKeys.swift */ = {isa = PBXFileReference; lastKnownFileType = sourcecode.swift; path = ApiKeys.swift; sourceTree = "<group>"; };
		9EFE1FC222CFE24F003A0410 /* LocalizableStrings.swift */ = {isa = PBXFileReference; lastKnownFileType = sourcecode.swift; path = LocalizableStrings.swift; sourceTree = "<group>"; };
		9EFE1FC622D35F14003A0410 /* CreateTournamentController.swift */ = {isa = PBXFileReference; lastKnownFileType = sourcecode.swift; path = CreateTournamentController.swift; sourceTree = "<group>"; };
		9EFE1FC922D35F4A003A0410 /* SelectContestantController.swift */ = {isa = PBXFileReference; lastKnownFileType = sourcecode.swift; path = SelectContestantController.swift; sourceTree = "<group>"; };
		9EFE1FCB22D35F9D003A0410 /* TournamentDateController.swift */ = {isa = PBXFileReference; lastKnownFileType = sourcecode.swift; path = TournamentDateController.swift; sourceTree = "<group>"; };
		9EFE1FCE22D3A640003A0410 /* SearchMovieController.swift */ = {isa = PBXFileReference; lastKnownFileType = sourcecode.swift; path = SearchMovieController.swift; sourceTree = "<group>"; };
		9EFE1FDB22D479BD003A0410 /* MovieCell.swift */ = {isa = PBXFileReference; lastKnownFileType = sourcecode.swift; path = MovieCell.swift; sourceTree = "<group>"; };
		9EFE1FDD22D4BDB7003A0410 /* Tournament.swift */ = {isa = PBXFileReference; lastKnownFileType = sourcecode.swift; path = Tournament.swift; sourceTree = "<group>"; };
		9EFE1FDF22D4F357003A0410 /* MovieOverview.xib */ = {isa = PBXFileReference; lastKnownFileType = file.xib; path = MovieOverview.xib; sourceTree = "<group>"; };
		9EFE1FE122D5036F003A0410 /* MovieOverview.swift */ = {isa = PBXFileReference; lastKnownFileType = sourcecode.swift; path = MovieOverview.swift; sourceTree = "<group>"; };
		CC3F306C6FFEC5D0CAE2A586 /* Pods_TheRing.framework */ = {isa = PBXFileReference; explicitFileType = wrapper.framework; includeInIndex = 0; path = Pods_TheRing.framework; sourceTree = BUILT_PRODUCTS_DIR; };
		D1D8F62486C5335702410541 /* Pods-TheRingTests.release.xcconfig */ = {isa = PBXFileReference; includeInIndex = 1; lastKnownFileType = text.xcconfig; name = "Pods-TheRingTests.release.xcconfig"; path = "Target Support Files/Pods-TheRingTests/Pods-TheRingTests.release.xcconfig"; sourceTree = "<group>"; };
		DA1A4B886FEF8325B3CCF427 /* Pods-TheRingTests.debug.xcconfig */ = {isa = PBXFileReference; includeInIndex = 1; lastKnownFileType = text.xcconfig; name = "Pods-TheRingTests.debug.xcconfig"; path = "Target Support Files/Pods-TheRingTests/Pods-TheRingTests.debug.xcconfig"; sourceTree = "<group>"; };
		DECCD407A332AE3E978890AA /* Pods_TheRingTests.framework */ = {isa = PBXFileReference; explicitFileType = wrapper.framework; includeInIndex = 0; path = Pods_TheRingTests.framework; sourceTree = BUILT_PRODUCTS_DIR; };
/* End PBXFileReference section */

/* Begin PBXFrameworksBuildPhase section */
		9E06BB4622B840F10098E148 /* Frameworks */ = {
			isa = PBXFrameworksBuildPhase;
			buildActionMask = 2147483647;
			files = (
				8E5E84CAC738FD5317FC62B9 /* Pods_TheRing.framework in Frameworks */,
			);
			runOnlyForDeploymentPostprocessing = 0;
		};
		9E06BB5A22B840F40098E148 /* Frameworks */ = {
			isa = PBXFrameworksBuildPhase;
			buildActionMask = 2147483647;
			files = (
				292376D6822B13660E98F980 /* Pods_TheRingTests.framework in Frameworks */,
			);
			runOnlyForDeploymentPostprocessing = 0;
		};
/* End PBXFrameworksBuildPhase section */

/* Begin PBXGroup section */
		9E05204E2300C619003EF504 /* ViewModel */ = {
			isa = PBXGroup;
			children = (
				9E05204F2300C639003EF504 /* UserListModel.swift */,
				9E0520512300C64C003EF504 /* UserDetailModel.swift */,
			);
			path = ViewModel;
			sourceTree = "<group>";
		};
		9E0520532300C66A003EF504 /* Controller */ = {
			isa = PBXGroup;
			children = (
				9EA2719422C3D11D00AAC06B /* UserController.swift */,
				9EA2719822C4E1E400AAC06B /* ProfileController.swift */,
				9E064E3622C7A53F009FE905 /* PasswordController.swift */,
				9E064E3822C7A55D009FE905 /* EmailController.swift */,
			);
			path = Controller;
			sourceTree = "<group>";
		};
		9E0520542300C675003EF504 /* ViewModel */ = {
			isa = PBXGroup;
			children = (
				9E0520572300C699003EF504 /* ProfileModel.swift */,
				9E0520592300C6A2003EF504 /* PasswordModel.swift */,
				9E05205B2300C6B8003EF504 /* EmailModel.swift */,
			);
			path = ViewModel;
			sourceTree = "<group>";
		};
		9E0520632300C741003EF504 /* ViewModel */ = {
			isa = PBXGroup;
			children = (
				9E0520642300C753003EF504 /* SearchModel.swift */,
				9E0520662300C766003EF504 /* CreateTournamentModel.swift */,
				9E0520682300C773003EF504 /* SelectContestantModel.swift */,
				9E05206A2300C780003EF504 /* TournamentDateModel.swift */,
				9E05206C2300C793003EF504 /* TournamentDetailModel.swift */,
				9E05206E2300C79E003EF504 /* CommentModel.swift */,
			);
			path = ViewModel;
			sourceTree = "<group>";
		};
		9E0520702300C7E2003EF504 /* ViewModel */ = {
			isa = PBXGroup;
			children = (
				9E0520712300C7FA003EF504 /* SearchMovieModel.swift */,
			);
			path = ViewModel;
			sourceTree = "<group>";
		};
		9E064E4222CB06D2009FE905 /* Extensions */ = {
			isa = PBXGroup;
			children = (
				9E4F969322EF4353006959FF /* DateExtension.swift */,
				9E064E4322CB06FB009FE905 /* FirebaseExtension.swift */,
				9EA2719222C38CA500AAC06B /* AlertExtension.swift */,
				9E626BEF230479BB0088256C /* SignupExtension.swift */,
				9E334E4A22DE005400CB3257 /* BarButtonExtension.swift */,
				9E4F969522F00F12006959FF /* TapDismiss.swift */,
				9E4F96AA22F994C4006959FF /* ImageViewExtension.swift */,
				9E18322723018D53005BC358 /* StringExtension.swift */,
			);
			path = Extensions;
			sourceTree = "<group>";
		};
		9E06BB4022B840F10098E148 = {
			isa = PBXGroup;
			children = (
				9E06BB4B22B840F10098E148 /* TheRing */,
				9E06BB6022B840F40098E148 /* TheRingTests */,
				9E06BB4A22B840F10098E148 /* Products */,
				C3E682C3C1F30E8F1B6B8C5F /* Pods */,
				A7137FA705FA3BEB1F515C9A /* Frameworks */,
			);
			sourceTree = "<group>";
		};
		9E06BB4A22B840F10098E148 /* Products */ = {
			isa = PBXGroup;
			children = (
				9E06BB4922B840F10098E148 /* TheRing.app */,
				9E06BB5D22B840F40098E148 /* TheRingTests.xctest */,
			);
			name = Products;
			sourceTree = "<group>";
		};
		9E06BB4B22B840F10098E148 /* TheRing */ = {
			isa = PBXGroup;
			children = (
				9E06BB5022B840F10098E148 /* Main.storyboard */,
				9E334E2C22D8719200CB3257 /* Login */,
				9E334E2D22D8719900CB3257 /* Signup */,
				9E334E3322D8729B00CB3257 /* Home */,
				9E4F968222EBA1A4006959FF /* User */,
				9E334E2E22D871A000CB3257 /* Profile */,
				9E4F969722F06973006959FF /* QRCode */,
				9E334E2F22D871A800CB3257 /* Tournament */,
				9E334E3A22D8C1B200CB3257 /* MovieSearch */,
				9E334E4C22DE179F00CB3257 /* Localizable */,
				9E064E4222CB06D2009FE905 /* Extensions */,
				9EA846E422FDA0D100572A38 /* Firebase */,
				9E06BB6F22B841A20098E148 /* General Model */,
				9E06BB7022B841A80098E148 /* Supporting files */,
			);
			path = TheRing;
			sourceTree = "<group>";
		};
		9E06BB6022B840F40098E148 /* TheRingTests */ = {
			isa = PBXGroup;
			children = (
				9E626BF1230494640088256C /* HomeModelTests.swift */,
				9EF988AF2301707100AC0F30 /* LoginModelTests.swift */,
				9E18322523018CB0005BC358 /* SignupModelTests.swift */,
				9E81A41D230835230066E8E7 /* User */,
				9E37396D230AA2EA00CC86A6 /* Profile */,
				9E73412722FACC12008F4405 /* MovieSearch */,
				9EA846DC22FC517500572A38 /* Extension */,
				9EF988AA2301612900AC0F30 /* Protocol Mocks */,
				9E73412822FACC57008F4405 /* GeneralModel */,
				9E06BB6322B840F40098E148 /* Info.plist */,
			);
			path = TheRingTests;
			sourceTree = "<group>";
		};
		9E06BB6F22B841A20098E148 /* General Model */ = {
			isa = PBXGroup;
			children = (
				9EA846E722FDAB6000572A38 /* AuthService.swift */,
				9EA2719A22C5020300AAC06B /* Preferences.swift */,
				9EFE1F9922CCEDFF003A0410 /* ApiKeys.swift */,
				9E36669B22E7AD2C0041B51E /* NotificationStrings.swift */,
			);
			path = "General Model";
			sourceTree = "<group>";
		};
		9E06BB7022B841A80098E148 /* Supporting files */ = {
			isa = PBXGroup;
			children = (
				9EA2718A22BD494B00AAC06B /* Roboto-Bold.ttf */,
				9EA2718622BD466400AAC06B /* moltors.ttf */,
				9EA2718822BD48AE00AAC06B /* Roboto-Regular.ttf */,
				9E06BB5822B840F40098E148 /* Info.plist */,
				9E06BB4C22B840F10098E148 /* AppDelegate.swift */,
				9E06BB5322B840F40098E148 /* Assets.xcassets */,
				9E06BB5522B840F40098E148 /* LaunchScreen.storyboard */,
				9E334E5522E76DD400CB3257 /* GoogleService-Info.plist */,
			);
			path = "Supporting files";
			sourceTree = "<group>";
		};
		9E18322B23018F6F005BC358 /* AuthService */ = {
			isa = PBXGroup;
			children = (
				9EF988AB2301616B00AC0F30 /* TestAuthBadData.swift */,
				9EF988B1230173C500AC0F30 /* TestAuthGoodData.swift */,
				9E1832312301AE39005BC358 /* CreateUserNilUID.swift */,
			);
			path = AuthService;
			sourceTree = "<group>";
		};
		9E18322C23018F78005BC358 /* UserService */ = {
			isa = PBXGroup;
			children = (
				9E18322F23018FD9005BC358 /* TestUserGoodData.swift */,
				9E18323323036680005BC358 /* UserRegisterInfo.swift */,
				9E18323523036693005BC358 /* UserRegisterUsername.swift */,
				9E18322D23018FC0005BC358 /* UsernameNotAvailble.swift */,
				9E81A42223083C2A0066E8E7 /* TestUserBadData.swift */,
			);
			path = UserService;
			sourceTree = "<group>";
		};
		9E334E2C22D8719200CB3257 /* Login */ = {
			isa = PBXGroup;
			children = (
				9EDF21B52300C4C400BD95AF /* ViewModel */,
				9EDF21B62300C4CE00BD95AF /* Controller */,
			);
			path = Login;
			sourceTree = "<group>";
		};
		9E334E2D22D8719900CB3257 /* Signup */ = {
			isa = PBXGroup;
			children = (
				9EDF21BA2300C59F00BD95AF /* ViewModel */,
				9EDF21B92300C59000BD95AF /* Controller */,
			);
			path = Signup;
			sourceTree = "<group>";
		};
		9E334E2E22D871A000CB3257 /* Profile */ = {
			isa = PBXGroup;
			children = (
				9E0520542300C675003EF504 /* ViewModel */,
				9E0520532300C66A003EF504 /* Controller */,
			);
			path = Profile;
			sourceTree = "<group>";
		};
		9E334E2F22D871A800CB3257 /* Tournament */ = {
			isa = PBXGroup;
			children = (
				9E0520632300C741003EF504 /* ViewModel */,
				9E334E3722D872FC00CB3257 /* Model */,
				9E334E4622DDCF1700CB3257 /* View */,
				9E334E3422D872C200CB3257 /* Controller */,
			);
			path = Tournament;
			sourceTree = "<group>";
		};
		9E334E3322D8729B00CB3257 /* Home */ = {
			isa = PBXGroup;
			children = (
				9E4F96AE22F9B981006959FF /* ViewModel */,
				9E4F96AD22F9B97B006959FF /* View */,
				9E4F96AC22F9B973006959FF /* Controller */,
			);
			path = Home;
			sourceTree = "<group>";
		};
		9E334E3422D872C200CB3257 /* Controller */ = {
			isa = PBXGroup;
			children = (
				9E4F969D22F24CD9006959FF /* SearchController.swift */,
				9EFE1FC622D35F14003A0410 /* CreateTournamentController.swift */,
				9EFE1FC922D35F4A003A0410 /* SelectContestantController.swift */,
				9EFE1FCB22D35F9D003A0410 /* TournamentDateController.swift */,
				9E334E4D22E04B6300CB3257 /* TournamentDetailController.swift */,
				9E36669D22E9E4100041B51E /* CommentController.swift */,
			);
			path = Controller;
			sourceTree = "<group>";
		};
		9E334E3722D872FC00CB3257 /* Model */ = {
			isa = PBXGroup;
			children = (
				9E334E2822D67C6700CB3257 /* TournamentService.swift */,
				9E8EBE7922D60B89001A8FE4 /* Genre.swift */,
				9EFE1FDD22D4BDB7003A0410 /* Tournament.swift */,
				9E334E5322E31C0800CB3257 /* TournamentData.swift */,
				9EA846F222FDB86800572A38 /* VoteService.swift */,
				9EA846F422FDB88100572A38 /* CommentService.swift */,
			);
			path = Model;
			sourceTree = "<group>";
		};
		9E334E3A22D8C1B200CB3257 /* MovieSearch */ = {
			isa = PBXGroup;
			children = (
				9E0520702300C7E2003EF504 /* ViewModel */,
				9E334E3D22D8C1E500CB3257 /* Model */,
				9E334E3C22D8C1DF00CB3257 /* View */,
				9E334E3B22D8C1D800CB3257 /* Controller */,
			);
			path = MovieSearch;
			sourceTree = "<group>";
		};
		9E334E3B22D8C1D800CB3257 /* Controller */ = {
			isa = PBXGroup;
			children = (
				9EFE1FCE22D3A640003A0410 /* SearchMovieController.swift */,
			);
			path = Controller;
			sourceTree = "<group>";
		};
		9E334E3C22D8C1DF00CB3257 /* View */ = {
			isa = PBXGroup;
			children = (
				9EFE1FDB22D479BD003A0410 /* MovieCell.swift */,
				9EFE1FDF22D4F357003A0410 /* MovieOverview.xib */,
				9EFE1FE122D5036F003A0410 /* MovieOverview.swift */,
			);
			path = View;
			sourceTree = "<group>";
		};
		9E334E3D22D8C1E500CB3257 /* Model */ = {
			isa = PBXGroup;
			children = (
				9E064E4522CCD830009FE905 /* MovieService.swift */,
			);
			path = Model;
			sourceTree = "<group>";
		};
		9E334E4622DDCF1700CB3257 /* View */ = {
			isa = PBXGroup;
			children = (
				9E334E4F22E0AC1F00CB3257 /* TournamentView.xib */,
				9E334E5122E0B2C800CB3257 /* TournamentView.swift */,
			);
			path = View;
			sourceTree = "<group>";
		};
		9E334E4C22DE179F00CB3257 /* Localizable */ = {
			isa = PBXGroup;
			children = (
				9E064E4022CA04B5009FE905 /* Localizable.strings */,
				9EFE1FC222CFE24F003A0410 /* LocalizableStrings.swift */,
				9E4F967F22EA7207006959FF /* InfoPlist.strings */,
			);
			path = Localizable;
			sourceTree = "<group>";
		};
		9E37396D230AA2EA00CC86A6 /* Profile */ = {
			isa = PBXGroup;
			children = (
				9E37396E230AA30900CC86A6 /* ProfileModelTests.swift */,
				9E373970230AC6EC00CC86A6 /* PasswordModelTests.swift */,
			);
			path = Profile;
			sourceTree = "<group>";
		};
		9E4F968222EBA1A4006959FF /* User */ = {
			isa = PBXGroup;
			children = (
				9E05204E2300C619003EF504 /* ViewModel */,
				9E4F968522EBA3A6006959FF /* Model */,
				9E4F968722EBA3B8006959FF /* View */,
				9E4F968622EBA3AF006959FF /* Controller */,
			);
			path = User;
			sourceTree = "<group>";
		};
		9E4F968522EBA3A6006959FF /* Model */ = {
			isa = PBXGroup;
			children = (
				9E064E3322C541E8009FE905 /* UserService.swift */,
				9EA2719622C48AD900AAC06B /* TRUser.swift */,
				9E4F968C22EBB453006959FF /* UserListType.swift */,
			);
			path = Model;
			sourceTree = "<group>";
		};
		9E4F968622EBA3AF006959FF /* Controller */ = {
			isa = PBXGroup;
			children = (
				9E4F968322EBA1F5006959FF /* UserListController.swift */,
				9E4F968E22EBB5B6006959FF /* UserDetailController.swift */,
			);
			path = Controller;
			sourceTree = "<group>";
		};
		9E4F968722EBA3B8006959FF /* View */ = {
			isa = PBXGroup;
			children = (
				9EA846DF22FC758100572A38 /* UserInfoView.swift */,
				9E4F968A22EBB183006959FF /* UserCell.swift */,
				9E4F969F22F37FD6006959FF /* UserInfoView.xib */,
			);
			path = View;
			sourceTree = "<group>";
		};
		9E4F969722F06973006959FF /* QRCode */ = {
			isa = PBXGroup;
			children = (
				9E4F969822F06A1D006959FF /* ScannerController.swift */,
				9E4F969A22F0998E006959FF /* QRCodeController.swift */,
			);
			path = QRCode;
			sourceTree = "<group>";
		};
		9E4F96AC22F9B973006959FF /* Controller */ = {
			isa = PBXGroup;
			children = (
				9EA2719022C3790C00AAC06B /* HomeController.swift */,
			);
			path = Controller;
			sourceTree = "<group>";
		};
		9E4F96AD22F9B97B006959FF /* View */ = {
			isa = PBXGroup;
			children = (
				9E4F96A822F89EE6006959FF /* OverviewCell.swift */,
				9E4F96A322F3956E006959FF /* TournamentOverview.xib */,
				9E4F96A522F398AF006959FF /* TournamentOverview.swift */,
			);
			path = View;
			sourceTree = "<group>";
		};
		9E4F96AE22F9B981006959FF /* ViewModel */ = {
			isa = PBXGroup;
			children = (
				9E05204C2300C60B003EF504 /* HomeModel.swift */,
			);
			path = ViewModel;
			sourceTree = "<group>";
		};
		9E626BF7230663180088256C /* TournamentService */ = {
			isa = PBXGroup;
			children = (
				9E626BF32304950D0088256C /* TestTournamentGoodData.swift */,
				9E626BF52304986B0088256C /* TestTournamentBadData.swift */,
			);
			path = TournamentService;
			sourceTree = "<group>";
		};
		9E73412722FACC12008F4405 /* MovieSearch */ = {
			isa = PBXGroup;
			children = (
				9E064E4B22CCE972009FE905 /* UrlSession.swift */,
				9E064E4D22CCE992009FE905 /* FakeResponseData.swift */,
				9E334E3E22D8D04F00CB3257 /* Popular.json */,
				9E064E4722CCE87E009FE905 /* Movie.json */,
				9E064E4922CCE8AB009FE905 /* MovieServiceTests.swift */,
			);
			path = MovieSearch;
			sourceTree = "<group>";
		};
		9E73412822FACC57008F4405 /* GeneralModel */ = {
			isa = PBXGroup;
			children = (
				9E73412922FACCA4008F4405 /* PreferencesTests.swift */,
				9EA846E222FC9B2800572A38 /* UserDefaultsExtension.swift */,
			);
			path = GeneralModel;
			sourceTree = "<group>";
		};
		9E81A41D230835230066E8E7 /* User */ = {
			isa = PBXGroup;
			children = (
				9E81A41E2308354D0066E8E7 /* UserListModelTests.swift */,
				9E81A4202308356A0066E8E7 /* UserDetailModelTests.swift */,
			);
			path = User;
			sourceTree = "<group>";
		};
		9EA846DC22FC517500572A38 /* Extension */ = {
			isa = PBXGroup;
			children = (
				9EA846DD22FC520000572A38 /* DateExtensionTests.swift */,
				9E18322923018E19005BC358 /* StringExtensionTests.swift */,
			);
			path = Extension;
			sourceTree = "<group>";
		};
		9EA846E422FDA0D100572A38 /* Firebase */ = {
			isa = PBXGroup;
			children = (
				9EA846E522FDA10800572A38 /* FirebaseAuth.swift */,
				9EA846EA22FDB06500572A38 /* FirebaseUser.swift */,
				9EA846EC22FDB07600572A38 /* FirebaseTournament.swift */,
				9EA846EE22FDB7D500572A38 /* FirebaseVote.swift */,
				9EA846F022FDB7E300572A38 /* FirebaseComment.swift */,
			);
			path = Firebase;
			sourceTree = "<group>";
		};
		9EDF21B52300C4C400BD95AF /* ViewModel */ = {
			isa = PBXGroup;
			children = (
				9EDF21B72300C58700BD95AF /* LoginModel.swift */,
			);
			path = ViewModel;
			sourceTree = "<group>";
		};
		9EDF21B62300C4CE00BD95AF /* Controller */ = {
			isa = PBXGroup;
			children = (
				9EA2718C22BE5A7000AAC06B /* LoginController.swift */,
			);
			path = Controller;
			sourceTree = "<group>";
		};
		9EDF21B92300C59000BD95AF /* Controller */ = {
			isa = PBXGroup;
			children = (
				9EA2718E22BE5AAA00AAC06B /* SignupController.swift */,
			);
			path = Controller;
			sourceTree = "<group>";
		};
		9EDF21BA2300C59F00BD95AF /* ViewModel */ = {
			isa = PBXGroup;
			children = (
				9E05204A2300C5E8003EF504 /* SignupModel.swift */,
			);
			path = ViewModel;
			sourceTree = "<group>";
		};
		9EF988AA2301612900AC0F30 /* Protocol Mocks */ = {
			isa = PBXGroup;
			children = (
				9E626BF7230663180088256C /* TournamentService */,
				9E18322C23018F78005BC358 /* UserService */,
				9E18322B23018F6F005BC358 /* AuthService */,
			);
			path = "Protocol Mocks";
			sourceTree = "<group>";
		};
		A7137FA705FA3BEB1F515C9A /* Frameworks */ = {
			isa = PBXGroup;
			children = (
				CC3F306C6FFEC5D0CAE2A586 /* Pods_TheRing.framework */,
				DECCD407A332AE3E978890AA /* Pods_TheRingTests.framework */,
			);
			name = Frameworks;
			sourceTree = "<group>";
		};
		C3E682C3C1F30E8F1B6B8C5F /* Pods */ = {
			isa = PBXGroup;
			children = (
				462B2695F3CF82F7F9900CDE /* Pods-TheRing.debug.xcconfig */,
				021BE83EAA67625D72101B8F /* Pods-TheRing.release.xcconfig */,
				DA1A4B886FEF8325B3CCF427 /* Pods-TheRingTests.debug.xcconfig */,
				D1D8F62486C5335702410541 /* Pods-TheRingTests.release.xcconfig */,
			);
			path = Pods;
			sourceTree = "<group>";
		};
/* End PBXGroup section */

/* Begin PBXNativeTarget section */
		9E06BB4822B840F10098E148 /* TheRing */ = {
			isa = PBXNativeTarget;
			buildConfigurationList = 9E06BB6622B840F40098E148 /* Build configuration list for PBXNativeTarget "TheRing" */;
			buildPhases = (
				E93E538DF12E0735B4873464 /* [CP] Check Pods Manifest.lock */,
				9E06BB4522B840F10098E148 /* Sources */,
				9E06BB4622B840F10098E148 /* Frameworks */,
				9E06BB4722B840F10098E148 /* Resources */,
				9E06BB6C22B841170098E148 /* ShellScript */,
				1D68B09FF3DBDFD39673116A /* [CP] Embed Pods Frameworks */,
			);
			buildRules = (
			);
			dependencies = (
			);
			name = TheRing;
			productName = TheRing;
			productReference = 9E06BB4922B840F10098E148 /* TheRing.app */;
			productType = "com.apple.product-type.application";
		};
		9E06BB5C22B840F40098E148 /* TheRingTests */ = {
			isa = PBXNativeTarget;
			buildConfigurationList = 9E06BB6922B840F40098E148 /* Build configuration list for PBXNativeTarget "TheRingTests" */;
			buildPhases = (
				1E796B0FF861D23CC0126CCE /* [CP] Check Pods Manifest.lock */,
				9E06BB5922B840F40098E148 /* Sources */,
				9E06BB5A22B840F40098E148 /* Frameworks */,
				9E06BB5B22B840F40098E148 /* Resources */,
			);
			buildRules = (
			);
			dependencies = (
				9E06BB5F22B840F40098E148 /* PBXTargetDependency */,
			);
			name = TheRingTests;
			productName = TheRingTests;
			productReference = 9E06BB5D22B840F40098E148 /* TheRingTests.xctest */;
			productType = "com.apple.product-type.bundle.unit-test";
		};
/* End PBXNativeTarget section */

/* Begin PBXProject section */
		9E06BB4122B840F10098E148 /* Project object */ = {
			isa = PBXProject;
			attributes = {
				LastSwiftUpdateCheck = 1020;
				LastUpgradeCheck = 1020;
				ORGANIZATIONNAME = "Kévin Courtois";
				TargetAttributes = {
					9E06BB4822B840F10098E148 = {
						CreatedOnToolsVersion = 10.2.1;
					};
					9E06BB5C22B840F40098E148 = {
						CreatedOnToolsVersion = 10.2.1;
						TestTargetID = 9E06BB4822B840F10098E148;
					};
				};
			};
			buildConfigurationList = 9E06BB4422B840F10098E148 /* Build configuration list for PBXProject "TheRing" */;
			compatibilityVersion = "Xcode 9.3";
			developmentRegion = en;
			hasScannedForEncodings = 0;
			knownRegions = (
				en,
				Base,
				fr,
			);
			mainGroup = 9E06BB4022B840F10098E148;
			productRefGroup = 9E06BB4A22B840F10098E148 /* Products */;
			projectDirPath = "";
			projectRoot = "";
			targets = (
				9E06BB4822B840F10098E148 /* TheRing */,
				9E06BB5C22B840F40098E148 /* TheRingTests */,
			);
		};
/* End PBXProject section */

/* Begin PBXResourcesBuildPhase section */
		9E06BB4722B840F10098E148 /* Resources */ = {
			isa = PBXResourcesBuildPhase;
			buildActionMask = 2147483647;
			files = (
				9E4F96A022F37FD6006959FF /* UserInfoView.xib in Resources */,
				9EA2718B22BD494B00AAC06B /* Roboto-Bold.ttf in Resources */,
				9E4F96A422F3956E006959FF /* TournamentOverview.xib in Resources */,
				9EA2718922BD48AE00AAC06B /* Roboto-Regular.ttf in Resources */,
				9E06BB5722B840F40098E148 /* LaunchScreen.storyboard in Resources */,
				9EFE1FE022D4F357003A0410 /* MovieOverview.xib in Resources */,
				9E334E5022E0AC1F00CB3257 /* TournamentView.xib in Resources */,
				9E06BB5422B840F40098E148 /* Assets.xcassets in Resources */,
				9E064E3E22CA04B5009FE905 /* Localizable.strings in Resources */,
				9E334E5622E76DD400CB3257 /* GoogleService-Info.plist in Resources */,
				9E06BB5222B840F10098E148 /* Main.storyboard in Resources */,
				9E4F967D22EA7207006959FF /* InfoPlist.strings in Resources */,
				9EA2718722BD466400AAC06B /* moltors.ttf in Resources */,
			);
			runOnlyForDeploymentPostprocessing = 0;
		};
		9E06BB5B22B840F40098E148 /* Resources */ = {
			isa = PBXResourcesBuildPhase;
			buildActionMask = 2147483647;
			files = (
				9E064E4822CCE87E009FE905 /* Movie.json in Resources */,
				9E334E3F22D8D04F00CB3257 /* Popular.json in Resources */,
			);
			runOnlyForDeploymentPostprocessing = 0;
		};
/* End PBXResourcesBuildPhase section */

/* Begin PBXShellScriptBuildPhase section */
		1D68B09FF3DBDFD39673116A /* [CP] Embed Pods Frameworks */ = {
			isa = PBXShellScriptBuildPhase;
			buildActionMask = 2147483647;
			files = (
			);
			inputFileListPaths = (
				"${PODS_ROOT}/Target Support Files/Pods-TheRing/Pods-TheRing-frameworks-${CONFIGURATION}-input-files.xcfilelist",
			);
			name = "[CP] Embed Pods Frameworks";
			outputFileListPaths = (
				"${PODS_ROOT}/Target Support Files/Pods-TheRing/Pods-TheRing-frameworks-${CONFIGURATION}-output-files.xcfilelist",
			);
			runOnlyForDeploymentPostprocessing = 0;
			shellPath = /bin/sh;
			shellScript = "\"${PODS_ROOT}/Target Support Files/Pods-TheRing/Pods-TheRing-frameworks.sh\"\n";
			showEnvVarsInLog = 0;
		};
		1E796B0FF861D23CC0126CCE /* [CP] Check Pods Manifest.lock */ = {
			isa = PBXShellScriptBuildPhase;
			buildActionMask = 2147483647;
			files = (
			);
			inputFileListPaths = (
			);
			inputPaths = (
				"${PODS_PODFILE_DIR_PATH}/Podfile.lock",
				"${PODS_ROOT}/Manifest.lock",
			);
			name = "[CP] Check Pods Manifest.lock";
			outputFileListPaths = (
			);
			outputPaths = (
				"$(DERIVED_FILE_DIR)/Pods-TheRingTests-checkManifestLockResult.txt",
			);
			runOnlyForDeploymentPostprocessing = 0;
			shellPath = /bin/sh;
			shellScript = "diff \"${PODS_PODFILE_DIR_PATH}/Podfile.lock\" \"${PODS_ROOT}/Manifest.lock\" > /dev/null\nif [ $? != 0 ] ; then\n    # print error to STDERR\n    echo \"error: The sandbox is not in sync with the Podfile.lock. Run 'pod install' or update your CocoaPods installation.\" >&2\n    exit 1\nfi\n# This output is used by Xcode 'outputs' to avoid re-running this script phase.\necho \"SUCCESS\" > \"${SCRIPT_OUTPUT_FILE_0}\"\n";
			showEnvVarsInLog = 0;
		};
		9E06BB6C22B841170098E148 /* ShellScript */ = {
			isa = PBXShellScriptBuildPhase;
			buildActionMask = 2147483647;
			files = (
			);
			inputFileListPaths = (
			);
			inputPaths = (
			);
			outputFileListPaths = (
			);
			outputPaths = (
			);
			runOnlyForDeploymentPostprocessing = 0;
			shellPath = /bin/sh;
			shellScript = "if which swiftlint >/dev/null; then\nswiftlint\nelse\necho \"warning: SwiftLint not installed, download from https://github.com/realm/SwiftLint\"\nfi\n";
		};
		E93E538DF12E0735B4873464 /* [CP] Check Pods Manifest.lock */ = {
			isa = PBXShellScriptBuildPhase;
			buildActionMask = 2147483647;
			files = (
			);
			inputFileListPaths = (
			);
			inputPaths = (
				"${PODS_PODFILE_DIR_PATH}/Podfile.lock",
				"${PODS_ROOT}/Manifest.lock",
			);
			name = "[CP] Check Pods Manifest.lock";
			outputFileListPaths = (
			);
			outputPaths = (
				"$(DERIVED_FILE_DIR)/Pods-TheRing-checkManifestLockResult.txt",
			);
			runOnlyForDeploymentPostprocessing = 0;
			shellPath = /bin/sh;
			shellScript = "diff \"${PODS_PODFILE_DIR_PATH}/Podfile.lock\" \"${PODS_ROOT}/Manifest.lock\" > /dev/null\nif [ $? != 0 ] ; then\n    # print error to STDERR\n    echo \"error: The sandbox is not in sync with the Podfile.lock. Run 'pod install' or update your CocoaPods installation.\" >&2\n    exit 1\nfi\n# This output is used by Xcode 'outputs' to avoid re-running this script phase.\necho \"SUCCESS\" > \"${SCRIPT_OUTPUT_FILE_0}\"\n";
			showEnvVarsInLog = 0;
		};
/* End PBXShellScriptBuildPhase section */

/* Begin PBXSourcesBuildPhase section */
		9E06BB4522B840F10098E148 /* Sources */ = {
			isa = PBXSourcesBuildPhase;
			buildActionMask = 2147483647;
			files = (
				9E05204B2300C5E8003EF504 /* SignupModel.swift in Sources */,
				9EA2719B22C5020300AAC06B /* Preferences.swift in Sources */,
				9EDF21B82300C58700BD95AF /* LoginModel.swift in Sources */,
				9E36669E22E9E4100041B51E /* CommentController.swift in Sources */,
				9EA2719522C3D11D00AAC06B /* UserController.swift in Sources */,
				9EFE1FC322CFE24F003A0410 /* LocalizableStrings.swift in Sources */,
				9E334E2922D67C6700CB3257 /* TournamentService.swift in Sources */,
				9EA846EB22FDB06500572A38 /* FirebaseUser.swift in Sources */,
				9E4F96A622F398AF006959FF /* TournamentOverview.swift in Sources */,
				9EA2719322C38CA500AAC06B /* AlertExtension.swift in Sources */,
				9E05206F2300C79E003EF504 /* CommentModel.swift in Sources */,
				9E334E5222E0B2C800CB3257 /* TournamentView.swift in Sources */,
				9EA2719122C3790C00AAC06B /* HomeController.swift in Sources */,
				9EA846E022FC758100572A38 /* UserInfoView.swift in Sources */,
				9E18322823018D53005BC358 /* StringExtension.swift in Sources */,
				9E05204D2300C60B003EF504 /* HomeModel.swift in Sources */,
				9EA846E622FDA10800572A38 /* FirebaseAuth.swift in Sources */,
				9EFE1FE222D5036F003A0410 /* MovieOverview.swift in Sources */,
				9E064E4422CB06FB009FE905 /* FirebaseExtension.swift in Sources */,
				9E4F96A922F89EE6006959FF /* OverviewCell.swift in Sources */,
				9EA2718F22BE5AAA00AAC06B /* SignupController.swift in Sources */,
				9E36669C22E7AD2C0041B51E /* NotificationStrings.swift in Sources */,
				9EA846ED22FDB07600572A38 /* FirebaseTournament.swift in Sources */,
				9EA846F122FDB7E300572A38 /* FirebaseComment.swift in Sources */,
				9E0520522300C64C003EF504 /* UserDetailModel.swift in Sources */,
				9EA846F522FDB88100572A38 /* CommentService.swift in Sources */,
				9E064E4622CCD830009FE905 /* MovieService.swift in Sources */,
				9EFE1FCF22D3A640003A0410 /* SearchMovieController.swift in Sources */,
				9EA2718D22BE5A7000AAC06B /* LoginController.swift in Sources */,
				9E0520502300C639003EF504 /* UserListModel.swift in Sources */,
				9E4F969B22F0998E006959FF /* QRCodeController.swift in Sources */,
				9E064E3422C541E8009FE905 /* UserService.swift in Sources */,
				9E0520692300C773003EF504 /* SelectContestantModel.swift in Sources */,
				9E0520672300C766003EF504 /* CreateTournamentModel.swift in Sources */,
				9E334E4B22DE005400CB3257 /* BarButtonExtension.swift in Sources */,
				9EFE1FCA22D35F4A003A0410 /* SelectContestantController.swift in Sources */,
				9E06BB4D22B840F10098E148 /* AppDelegate.swift in Sources */,
				9E05205A2300C6A2003EF504 /* PasswordModel.swift in Sources */,
				9E0520582300C699003EF504 /* ProfileModel.swift in Sources */,
				9E064E3922C7A55D009FE905 /* EmailController.swift in Sources */,
				9E0520722300C7FA003EF504 /* SearchMovieModel.swift in Sources */,
				9E8EBE7A22D60B89001A8FE4 /* Genre.swift in Sources */,
				9E334E4E22E04B6300CB3257 /* TournamentDetailController.swift in Sources */,
				9E334E5422E31C0800CB3257 /* TournamentData.swift in Sources */,
				9EFE1FDC22D479BD003A0410 /* MovieCell.swift in Sources */,
				9E4F968422EBA1F5006959FF /* UserListController.swift in Sources */,
				9EA846F322FDB86800572A38 /* VoteService.swift in Sources */,
				9EA2719722C48AD900AAC06B /* TRUser.swift in Sources */,
				9E4F969622F00F12006959FF /* TapDismiss.swift in Sources */,
				9E4F96AB22F994C5006959FF /* ImageViewExtension.swift in Sources */,
				9E4F968D22EBB453006959FF /* UserListType.swift in Sources */,
				9E05206D2300C793003EF504 /* TournamentDetailModel.swift in Sources */,
				9E4F969922F06A1D006959FF /* ScannerController.swift in Sources */,
				9E4F969E22F24CD9006959FF /* SearchController.swift in Sources */,
				9E0520652300C753003EF504 /* SearchModel.swift in Sources */,
				9EA846E822FDAB6000572A38 /* AuthService.swift in Sources */,
				9E626BF0230479BB0088256C /* SignupExtension.swift in Sources */,
				9EFE1FDE22D4BDB7003A0410 /* Tournament.swift in Sources */,
				9EFE1FCC22D35F9D003A0410 /* TournamentDateController.swift in Sources */,
				9E064E3722C7A53F009FE905 /* PasswordController.swift in Sources */,
				9E05205C2300C6B8003EF504 /* EmailModel.swift in Sources */,
				9E4F968B22EBB183006959FF /* UserCell.swift in Sources */,
				9E4F969422EF4353006959FF /* DateExtension.swift in Sources */,
				9E05206B2300C780003EF504 /* TournamentDateModel.swift in Sources */,
				9EFE1FC722D35F14003A0410 /* CreateTournamentController.swift in Sources */,
				9EA846EF22FDB7D500572A38 /* FirebaseVote.swift in Sources */,
				9E4F968F22EBB5B6006959FF /* UserDetailController.swift in Sources */,
				9EA2719922C4E1E400AAC06B /* ProfileController.swift in Sources */,
				9EFE1F9A22CCEDFF003A0410 /* ApiKeys.swift in Sources */,
			);
			runOnlyForDeploymentPostprocessing = 0;
		};
		9E06BB5922B840F40098E148 /* Sources */ = {
			isa = PBXSourcesBuildPhase;
			buildActionMask = 2147483647;
			files = (
				9E064E4C22CCE972009FE905 /* UrlSession.swift in Sources */,
				9E18322623018CB0005BC358 /* SignupModelTests.swift in Sources */,
				9E373971230AC6EC00CC86A6 /* PasswordModelTests.swift in Sources */,
				9E37396F230AA30900CC86A6 /* ProfileModelTests.swift in Sources */,
				9E18322A23018E19005BC358 /* StringExtensionTests.swift in Sources */,
				9E064E4E22CCE992009FE905 /* FakeResponseData.swift in Sources */,
				9E626BF62304986B0088256C /* TestTournamentBadData.swift in Sources */,
				9E18322E23018FC0005BC358 /* UsernameNotAvailble.swift in Sources */,
				9E81A41F2308354D0066E8E7 /* UserListModelTests.swift in Sources */,
				9E626BF42304950D0088256C /* TestTournamentGoodData.swift in Sources */,
				9E81A4212308356A0066E8E7 /* UserDetailModelTests.swift in Sources */,
				9E73412A22FACCA4008F4405 /* PreferencesTests.swift in Sources */,
				9E81A42323083C2A0066E8E7 /* TestUserBadData.swift in Sources */,
				9EA846DE22FC520000572A38 /* DateExtensionTests.swift in Sources */,
				9EF988AC2301616B00AC0F30 /* TestAuthBadData.swift in Sources */,
				9EA846E322FC9B2800572A38 /* UserDefaultsExtension.swift in Sources */,
				9E18323623036693005BC358 /* UserRegisterUsername.swift in Sources */,
				9E064E4A22CCE8AB009FE905 /* MovieServiceTests.swift in Sources */,
				9EF988B02301707100AC0F30 /* LoginModelTests.swift in Sources */,
				9E1832322301AE39005BC358 /* CreateUserNilUID.swift in Sources */,
				9E18323023018FD9005BC358 /* TestUserGoodData.swift in Sources */,
				9E626BF2230494640088256C /* HomeModelTests.swift in Sources */,
				9EF988B2230173C500AC0F30 /* TestAuthGoodData.swift in Sources */,
				9E18323423036680005BC358 /* UserRegisterInfo.swift in Sources */,
			);
			runOnlyForDeploymentPostprocessing = 0;
		};
/* End PBXSourcesBuildPhase section */

/* Begin PBXTargetDependency section */
		9E06BB5F22B840F40098E148 /* PBXTargetDependency */ = {
			isa = PBXTargetDependency;
			target = 9E06BB4822B840F10098E148 /* TheRing */;
			targetProxy = 9E06BB5E22B840F40098E148 /* PBXContainerItemProxy */;
		};
/* End PBXTargetDependency section */

/* Begin PBXVariantGroup section */
		9E064E4022CA04B5009FE905 /* Localizable.strings */ = {
			isa = PBXVariantGroup;
			children = (
				9E064E3F22CA04B5009FE905 /* en */,
				9E064E4122CA04BF009FE905 /* fr */,
			);
			name = Localizable.strings;
			sourceTree = "<group>";
		};
		9E06BB5022B840F10098E148 /* Main.storyboard */ = {
			isa = PBXVariantGroup;
			children = (
				9E06BB5122B840F10098E148 /* Base */,
			);
			name = Main.storyboard;
			sourceTree = "<group>";
		};
		9E06BB5522B840F40098E148 /* LaunchScreen.storyboard */ = {
			isa = PBXVariantGroup;
			children = (
				9E06BB5622B840F40098E148 /* Base */,
				9E064E3B22C9FF83009FE905 /* fr */,
			);
			name = LaunchScreen.storyboard;
			sourceTree = "<group>";
		};
		9E4F967F22EA7207006959FF /* InfoPlist.strings */ = {
			isa = PBXVariantGroup;
			children = (
				9E4F968022EA720A006959FF /* fr */,
				9E4F968122EA721B006959FF /* en */,
			);
			name = InfoPlist.strings;
			sourceTree = "<group>";
		};
/* End PBXVariantGroup section */

/* Begin XCBuildConfiguration section */
		9E06BB6422B840F40098E148 /* Debug */ = {
			isa = XCBuildConfiguration;
			buildSettings = {
				ALWAYS_SEARCH_USER_PATHS = NO;
				CLANG_ANALYZER_LOCALIZABILITY_NONLOCALIZED = YES;
				CLANG_ANALYZER_NONNULL = YES;
				CLANG_ANALYZER_NUMBER_OBJECT_CONVERSION = YES_AGGRESSIVE;
				CLANG_CXX_LANGUAGE_STANDARD = "gnu++14";
				CLANG_CXX_LIBRARY = "libc++";
				CLANG_ENABLE_MODULES = YES;
				CLANG_ENABLE_OBJC_ARC = YES;
				CLANG_ENABLE_OBJC_WEAK = YES;
				CLANG_WARN_BLOCK_CAPTURE_AUTORELEASING = YES;
				CLANG_WARN_BOOL_CONVERSION = YES;
				CLANG_WARN_COMMA = YES;
				CLANG_WARN_CONSTANT_CONVERSION = YES;
				CLANG_WARN_DEPRECATED_OBJC_IMPLEMENTATIONS = YES;
				CLANG_WARN_DIRECT_OBJC_ISA_USAGE = YES_ERROR;
				CLANG_WARN_DOCUMENTATION_COMMENTS = YES;
				CLANG_WARN_EMPTY_BODY = YES;
				CLANG_WARN_ENUM_CONVERSION = YES;
				CLANG_WARN_INFINITE_RECURSION = YES;
				CLANG_WARN_INT_CONVERSION = YES;
				CLANG_WARN_NON_LITERAL_NULL_CONVERSION = YES;
				CLANG_WARN_OBJC_IMPLICIT_RETAIN_SELF = YES;
				CLANG_WARN_OBJC_LITERAL_CONVERSION = YES;
				CLANG_WARN_OBJC_ROOT_CLASS = YES_ERROR;
				CLANG_WARN_RANGE_LOOP_ANALYSIS = YES;
				CLANG_WARN_STRICT_PROTOTYPES = YES;
				CLANG_WARN_SUSPICIOUS_MOVE = YES;
				CLANG_WARN_UNGUARDED_AVAILABILITY = YES_AGGRESSIVE;
				CLANG_WARN_UNREACHABLE_CODE = YES;
				CLANG_WARN__DUPLICATE_METHOD_MATCH = YES;
				CODE_SIGN_IDENTITY = "iPhone Developer";
				COPY_PHASE_STRIP = NO;
				DEBUG_INFORMATION_FORMAT = dwarf;
				ENABLE_STRICT_OBJC_MSGSEND = YES;
				ENABLE_TESTABILITY = YES;
				GCC_C_LANGUAGE_STANDARD = gnu11;
				GCC_DYNAMIC_NO_PIC = NO;
				GCC_NO_COMMON_BLOCKS = YES;
				GCC_OPTIMIZATION_LEVEL = 0;
				GCC_PREPROCESSOR_DEFINITIONS = (
					"DEBUG=1",
					"$(inherited)",
				);
				GCC_WARN_64_TO_32_BIT_CONVERSION = YES;
				GCC_WARN_ABOUT_RETURN_TYPE = YES_ERROR;
				GCC_WARN_UNDECLARED_SELECTOR = YES;
				GCC_WARN_UNINITIALIZED_AUTOS = YES_AGGRESSIVE;
				GCC_WARN_UNUSED_FUNCTION = YES;
				GCC_WARN_UNUSED_VARIABLE = YES;
				IPHONEOS_DEPLOYMENT_TARGET = 12.2;
				MTL_ENABLE_DEBUG_INFO = INCLUDE_SOURCE;
				MTL_FAST_MATH = YES;
				ONLY_ACTIVE_ARCH = YES;
				SDKROOT = iphoneos;
				SWIFT_ACTIVE_COMPILATION_CONDITIONS = DEBUG;
				SWIFT_OPTIMIZATION_LEVEL = "-Onone";
			};
			name = Debug;
		};
		9E06BB6522B840F40098E148 /* Release */ = {
			isa = XCBuildConfiguration;
			buildSettings = {
				ALWAYS_SEARCH_USER_PATHS = NO;
				CLANG_ANALYZER_LOCALIZABILITY_NONLOCALIZED = YES;
				CLANG_ANALYZER_NONNULL = YES;
				CLANG_ANALYZER_NUMBER_OBJECT_CONVERSION = YES_AGGRESSIVE;
				CLANG_CXX_LANGUAGE_STANDARD = "gnu++14";
				CLANG_CXX_LIBRARY = "libc++";
				CLANG_ENABLE_MODULES = YES;
				CLANG_ENABLE_OBJC_ARC = YES;
				CLANG_ENABLE_OBJC_WEAK = YES;
				CLANG_WARN_BLOCK_CAPTURE_AUTORELEASING = YES;
				CLANG_WARN_BOOL_CONVERSION = YES;
				CLANG_WARN_COMMA = YES;
				CLANG_WARN_CONSTANT_CONVERSION = YES;
				CLANG_WARN_DEPRECATED_OBJC_IMPLEMENTATIONS = YES;
				CLANG_WARN_DIRECT_OBJC_ISA_USAGE = YES_ERROR;
				CLANG_WARN_DOCUMENTATION_COMMENTS = YES;
				CLANG_WARN_EMPTY_BODY = YES;
				CLANG_WARN_ENUM_CONVERSION = YES;
				CLANG_WARN_INFINITE_RECURSION = YES;
				CLANG_WARN_INT_CONVERSION = YES;
				CLANG_WARN_NON_LITERAL_NULL_CONVERSION = YES;
				CLANG_WARN_OBJC_IMPLICIT_RETAIN_SELF = YES;
				CLANG_WARN_OBJC_LITERAL_CONVERSION = YES;
				CLANG_WARN_OBJC_ROOT_CLASS = YES_ERROR;
				CLANG_WARN_RANGE_LOOP_ANALYSIS = YES;
				CLANG_WARN_STRICT_PROTOTYPES = YES;
				CLANG_WARN_SUSPICIOUS_MOVE = YES;
				CLANG_WARN_UNGUARDED_AVAILABILITY = YES_AGGRESSIVE;
				CLANG_WARN_UNREACHABLE_CODE = YES;
				CLANG_WARN__DUPLICATE_METHOD_MATCH = YES;
				CODE_SIGN_IDENTITY = "iPhone Developer";
				COPY_PHASE_STRIP = NO;
				DEBUG_INFORMATION_FORMAT = "dwarf-with-dsym";
				ENABLE_NS_ASSERTIONS = NO;
				ENABLE_STRICT_OBJC_MSGSEND = YES;
				GCC_C_LANGUAGE_STANDARD = gnu11;
				GCC_NO_COMMON_BLOCKS = YES;
				GCC_WARN_64_TO_32_BIT_CONVERSION = YES;
				GCC_WARN_ABOUT_RETURN_TYPE = YES_ERROR;
				GCC_WARN_UNDECLARED_SELECTOR = YES;
				GCC_WARN_UNINITIALIZED_AUTOS = YES_AGGRESSIVE;
				GCC_WARN_UNUSED_FUNCTION = YES;
				GCC_WARN_UNUSED_VARIABLE = YES;
				IPHONEOS_DEPLOYMENT_TARGET = 12.2;
				MTL_ENABLE_DEBUG_INFO = NO;
				MTL_FAST_MATH = YES;
				SDKROOT = iphoneos;
				SWIFT_COMPILATION_MODE = wholemodule;
				SWIFT_OPTIMIZATION_LEVEL = "-O";
				VALIDATE_PRODUCT = YES;
			};
			name = Release;
		};
		9E06BB6722B840F40098E148 /* Debug */ = {
			isa = XCBuildConfiguration;
			baseConfigurationReference = 462B2695F3CF82F7F9900CDE /* Pods-TheRing.debug.xcconfig */;
			buildSettings = {
				ASSETCATALOG_COMPILER_APPICON_NAME = AppIcon;
				CODE_SIGN_STYLE = Automatic;
				DEVELOPMENT_TEAM = 2746FV37H5;
				INFOPLIST_FILE = "$(SRCROOT)/TheRing/Supporting files/Info.plist";
				LD_RUNPATH_SEARCH_PATHS = (
					"$(inherited)",
					"@executable_path/Frameworks",
				);
				PRODUCT_BUNDLE_IDENTIFIER = com.kcourtois.TheRing;
				PRODUCT_NAME = "$(TARGET_NAME)";
				SWIFT_VERSION = 5.0;
				TARGETED_DEVICE_FAMILY = "1,2";
			};
			name = Debug;
		};
		9E06BB6822B840F40098E148 /* Release */ = {
			isa = XCBuildConfiguration;
			baseConfigurationReference = 021BE83EAA67625D72101B8F /* Pods-TheRing.release.xcconfig */;
			buildSettings = {
				ASSETCATALOG_COMPILER_APPICON_NAME = AppIcon;
				CODE_SIGN_STYLE = Automatic;
				DEVELOPMENT_TEAM = 2746FV37H5;
				INFOPLIST_FILE = "$(SRCROOT)/TheRing/Supporting files/Info.plist";
				LD_RUNPATH_SEARCH_PATHS = (
					"$(inherited)",
					"@executable_path/Frameworks",
				);
				PRODUCT_BUNDLE_IDENTIFIER = com.kcourtois.TheRing;
				PRODUCT_NAME = "$(TARGET_NAME)";
				SWIFT_VERSION = 5.0;
				TARGETED_DEVICE_FAMILY = "1,2";
			};
			name = Release;
		};
		9E06BB6A22B840F40098E148 /* Debug */ = {
			isa = XCBuildConfiguration;
			baseConfigurationReference = DA1A4B886FEF8325B3CCF427 /* Pods-TheRingTests.debug.xcconfig */;
			buildSettings = {
				ALWAYS_EMBED_SWIFT_STANDARD_LIBRARIES = YES;
				BUNDLE_LOADER = "$(TEST_HOST)";
				CODE_SIGN_STYLE = Automatic;
				DEVELOPMENT_TEAM = 2746FV37H5;
				INFOPLIST_FILE = TheRingTests/Info.plist;
				LD_RUNPATH_SEARCH_PATHS = (
					"$(inherited)",
					"@executable_path/Frameworks",
					"@loader_path/Frameworks",
				);
				PRODUCT_BUNDLE_IDENTIFIER = com.kcourtois.TheRingTests;
				PRODUCT_NAME = "$(TARGET_NAME)";
				SWIFT_VERSION = 5.0;
				TARGETED_DEVICE_FAMILY = "1,2";
				TEST_HOST = "$(BUILT_PRODUCTS_DIR)/TheRing.app/TheRing";
			};
			name = Debug;
		};
		9E06BB6B22B840F40098E148 /* Release */ = {
			isa = XCBuildConfiguration;
			baseConfigurationReference = D1D8F62486C5335702410541 /* Pods-TheRingTests.release.xcconfig */;
			buildSettings = {
				ALWAYS_EMBED_SWIFT_STANDARD_LIBRARIES = YES;
				BUNDLE_LOADER = "$(TEST_HOST)";
				CODE_SIGN_STYLE = Automatic;
				DEVELOPMENT_TEAM = 2746FV37H5;
				INFOPLIST_FILE = TheRingTests/Info.plist;
				LD_RUNPATH_SEARCH_PATHS = (
					"$(inherited)",
					"@executable_path/Frameworks",
					"@loader_path/Frameworks",
				);
				PRODUCT_BUNDLE_IDENTIFIER = com.kcourtois.TheRingTests;
				PRODUCT_NAME = "$(TARGET_NAME)";
				SWIFT_VERSION = 5.0;
				TARGETED_DEVICE_FAMILY = "1,2";
				TEST_HOST = "$(BUILT_PRODUCTS_DIR)/TheRing.app/TheRing";
			};
			name = Release;
		};
/* End XCBuildConfiguration section */

/* Begin XCConfigurationList section */
		9E06BB4422B840F10098E148 /* Build configuration list for PBXProject "TheRing" */ = {
			isa = XCConfigurationList;
			buildConfigurations = (
				9E06BB6422B840F40098E148 /* Debug */,
				9E06BB6522B840F40098E148 /* Release */,
			);
			defaultConfigurationIsVisible = 0;
			defaultConfigurationName = Release;
		};
		9E06BB6622B840F40098E148 /* Build configuration list for PBXNativeTarget "TheRing" */ = {
			isa = XCConfigurationList;
			buildConfigurations = (
				9E06BB6722B840F40098E148 /* Debug */,
				9E06BB6822B840F40098E148 /* Release */,
			);
			defaultConfigurationIsVisible = 0;
			defaultConfigurationName = Release;
		};
		9E06BB6922B840F40098E148 /* Build configuration list for PBXNativeTarget "TheRingTests" */ = {
			isa = XCConfigurationList;
			buildConfigurations = (
				9E06BB6A22B840F40098E148 /* Debug */,
				9E06BB6B22B840F40098E148 /* Release */,
			);
			defaultConfigurationIsVisible = 0;
			defaultConfigurationName = Release;
		};
/* End XCConfigurationList section */
	};
	rootObject = 9E06BB4122B840F10098E148 /* Project object */;
}
